// !$*UTF8*$!
{
	archiveVersion = 1;
	classes = {
	};
	objectVersion = 46;
	objects = {

/* Begin PBXBuildFile section */
		02E9BB511E5BDA4300863E00 /* Word.m in Sources */ = {isa = PBXBuildFile; fileRef = 02E9BB501E5BDA4300863E00 /* Word.m */; };
		02E9BB541E5BDBD400863E00 /* NSMutableArray+Word.m in Sources */ = {isa = PBXBuildFile; fileRef = 02E9BB531E5BDBD400863E00 /* NSMutableArray+Word.m */; };
		02E9BB571E5C125A00863E00 /* Wordbook.m in Sources */ = {isa = PBXBuildFile; fileRef = 02E9BB561E5C125A00863E00 /* Wordbook.m */; };
		02E9BB5A1E5C12D100863E00 /* WordbookManager.m in Sources */ = {isa = PBXBuildFile; fileRef = 02E9BB591E5C12D100863E00 /* WordbookManager.m */; };
		02EA19D61E5D4B590059E903 /* NSDate+Word.m in Sources */ = {isa = PBXBuildFile; fileRef = 02EA19D51E5D4B590059E903 /* NSDate+Word.m */; };
		28150C431E592CD200F807A3 /* WordDataManager.m in Sources */ = {isa = PBXBuildFile; fileRef = 28150C421E592CD200F807A3 /* WordDataManager.m */; };
		28150C4F1E5930F100F807A3 /* Info.plist in Resources */ = {isa = PBXBuildFile; fileRef = 28150C4D1E5930F100F807A3 /* Info.plist */; };
		28150C501E5930F100F807A3 /* main.m in Sources */ = {isa = PBXBuildFile; fileRef = 28150C4E1E5930F100F807A3 /* main.m */; };
		28150C521E59313C00F807A3 /* Assets.xcassets in Resources */ = {isa = PBXBuildFile; fileRef = 28150C511E59313C00F807A3 /* Assets.xcassets */; };
		28150C551E59318100F807A3 /* AppDelegate.m in Sources */ = {isa = PBXBuildFile; fileRef = 28150C541E59318100F807A3 /* AppDelegate.m */; };
		28150C571E59318B00F807A3 /* LaunchScreen.storyboard in Resources */ = {isa = PBXBuildFile; fileRef = 28150C561E59318B00F807A3 /* LaunchScreen.storyboard */; };
		28150C5D1E596C2000F807A3 /* SettingViewController.m in Sources */ = {isa = PBXBuildFile; fileRef = 28150C5C1E596C2000F807A3 /* SettingViewController.m */; };
		28150C771E5976E600F807A3 /* Localizable.strings in Resources */ = {isa = PBXBuildFile; fileRef = 28150C751E5976E600F807A3 /* Localizable.strings */; };
		2860700A1E597A830074D933 /* Setting.plist in Resources */ = {isa = PBXBuildFile; fileRef = 286070091E597A830074D933 /* Setting.plist */; };
		2860700B1E59850F0074D933 /* Main.storyboard in Resources */ = {isa = PBXBuildFile; fileRef = 2860700D1E59850F0074D933 /* Main.storyboard */; };
		28975D9A1E56AE5700B102B6 /* IntroViewController.m in Sources */ = {isa = PBXBuildFile; fileRef = 28975D991E56AE5700B102B6 /* IntroViewController.m */; };
		94AAD185A31C1C5C0BE0B0AD /* libPods-RLDictionary.a in Frameworks */ = {isa = PBXBuildFile; fileRef = 8F9C44C30A74F032040D6087 /* libPods-RLDictionary.a */; };
/* End PBXBuildFile section */

/* Begin PBXFileReference section */
		02B672351E5AB2C2008B386B /* SynthesizeSingleton.h */ = {isa = PBXFileReference; fileEncoding = 4; lastKnownFileType = sourcecode.c.h; name = SynthesizeSingleton.h; path = Libraries/SynthesizeSingleton/SynthesizeSingleton.h; sourceTree = "<group>"; };
		02B672361E5AB4CB008B386B /* ko */ = {isa = PBXFileReference; lastKnownFileType = text.plist.strings; name = ko; path = ko.lproj/Main.strings; sourceTree = "<group>"; };
		02E9BB4F1E5BDA4300863E00 /* Word.h */ = {isa = PBXFileReference; fileEncoding = 4; lastKnownFileType = sourcecode.c.h; name = Word.h; path = Models/Word.h; sourceTree = "<group>"; };
		02E9BB501E5BDA4300863E00 /* Word.m */ = {isa = PBXFileReference; fileEncoding = 4; lastKnownFileType = sourcecode.c.objc; name = Word.m; path = Models/Word.m; sourceTree = "<group>"; };
		02E9BB521E5BDBD400863E00 /* NSMutableArray+Word.h */ = {isa = PBXFileReference; fileEncoding = 4; lastKnownFileType = sourcecode.c.h; name = "NSMutableArray+Word.h"; path = "Models/NSMutableArray+Word.h"; sourceTree = "<group>"; };
		02E9BB531E5BDBD400863E00 /* NSMutableArray+Word.m */ = {isa = PBXFileReference; fileEncoding = 4; lastKnownFileType = sourcecode.c.objc; name = "NSMutableArray+Word.m"; path = "Models/NSMutableArray+Word.m"; sourceTree = "<group>"; };
		02E9BB551E5C125A00863E00 /* Wordbook.h */ = {isa = PBXFileReference; fileEncoding = 4; lastKnownFileType = sourcecode.c.h; name = Wordbook.h; path = Models/Wordbook.h; sourceTree = "<group>"; };
		02E9BB561E5C125A00863E00 /* Wordbook.m */ = {isa = PBXFileReference; fileEncoding = 4; lastKnownFileType = sourcecode.c.objc; name = Wordbook.m; path = Models/Wordbook.m; sourceTree = "<group>"; };
		02E9BB581E5C12D100863E00 /* WordbookManager.h */ = {isa = PBXFileReference; fileEncoding = 4; lastKnownFileType = sourcecode.c.h; name = WordbookManager.h; path = Managers/WordbookManager.h; sourceTree = "<group>"; };
		02E9BB591E5C12D100863E00 /* WordbookManager.m */ = {isa = PBXFileReference; fileEncoding = 4; lastKnownFileType = sourcecode.c.objc; name = WordbookManager.m; path = Managers/WordbookManager.m; sourceTree = "<group>"; };
		02EA19D41E5D4B590059E903 /* NSDate+Word.h */ = {isa = PBXFileReference; fileEncoding = 4; lastKnownFileType = sourcecode.c.h; name = "NSDate+Word.h"; path = "Models/NSDate+Word.h"; sourceTree = "<group>"; };
		02EA19D51E5D4B590059E903 /* NSDate+Word.m */ = {isa = PBXFileReference; fileEncoding = 4; lastKnownFileType = sourcecode.c.objc; name = "NSDate+Word.m"; path = "Models/NSDate+Word.m"; sourceTree = "<group>"; };
		07D82F8F8355E4F21E3AD75C /* Pods-RLDictionary.release.xcconfig */ = {isa = PBXFileReference; includeInIndex = 1; lastKnownFileType = text.xcconfig; name = "Pods-RLDictionary.release.xcconfig"; path = "Pods/Target Support Files/Pods-RLDictionary/Pods-RLDictionary.release.xcconfig"; sourceTree = "<group>"; };
		28150C411E592CD200F807A3 /* WordDataManager.h */ = {isa = PBXFileReference; fileEncoding = 4; lastKnownFileType = sourcecode.c.h; name = WordDataManager.h; path = Managers/WordDataManager.h; sourceTree = "<group>"; };
		28150C421E592CD200F807A3 /* WordDataManager.m */ = {isa = PBXFileReference; fileEncoding = 4; lastKnownFileType = sourcecode.c.objc; name = WordDataManager.m; path = Managers/WordDataManager.m; sourceTree = "<group>"; };
		28150C4D1E5930F100F807A3 /* Info.plist */ = {isa = PBXFileReference; fileEncoding = 4; lastKnownFileType = text.plist.xml; name = Info.plist; path = SupportingFiles/Info.plist; sourceTree = "<group>"; };
		28150C4E1E5930F100F807A3 /* main.m */ = {isa = PBXFileReference; fileEncoding = 4; lastKnownFileType = sourcecode.c.objc; name = main.m; path = SupportingFiles/main.m; sourceTree = "<group>"; };
		28150C511E59313C00F807A3 /* Assets.xcassets */ = {isa = PBXFileReference; lastKnownFileType = folder.assetcatalog; name = Assets.xcassets; path = SupportingFiles/Assets.xcassets; sourceTree = "<group>"; };
		28150C531E59318100F807A3 /* AppDelegate.h */ = {isa = PBXFileReference; fileEncoding = 4; lastKnownFileType = sourcecode.c.h; name = AppDelegate.h; path = SupportingFiles/AppDelegate.h; sourceTree = "<group>"; };
		28150C541E59318100F807A3 /* AppDelegate.m */ = {isa = PBXFileReference; fileEncoding = 4; lastKnownFileType = sourcecode.c.objc; name = AppDelegate.m; path = SupportingFiles/AppDelegate.m; sourceTree = "<group>"; };
		28150C561E59318B00F807A3 /* LaunchScreen.storyboard */ = {isa = PBXFileReference; fileEncoding = 4; lastKnownFileType = file.storyboard; name = LaunchScreen.storyboard; path = SupportingFiles/LaunchScreen.storyboard; sourceTree = "<group>"; };
		28150C5A1E59339A00F807A3 /* common.pch */ = {isa = PBXFileReference; lastKnownFileType = sourcecode.c.h; name = common.pch; path = SupportingFiles/common.pch; sourceTree = "<group>"; };
		28150C5B1E596C2000F807A3 /* SettingViewController.h */ = {isa = PBXFileReference; fileEncoding = 4; lastKnownFileType = sourcecode.c.h; name = SettingViewController.h; path = ViewControllers/SettingViewController.h; sourceTree = "<group>"; };
		28150C5C1E596C2000F807A3 /* SettingViewController.m */ = {isa = PBXFileReference; fileEncoding = 4; lastKnownFileType = sourcecode.c.objc; name = SettingViewController.m; path = ViewControllers/SettingViewController.m; sourceTree = "<group>"; };
		28150C761E5976E600F807A3 /* Base */ = {isa = PBXFileReference; lastKnownFileType = text.plist.strings; name = Base; path = SupportingFiles/Base.lproj/Localizable.strings; sourceTree = "<group>"; };
		28150C781E5976EA00F807A3 /* ko */ = {isa = PBXFileReference; lastKnownFileType = text.plist.strings; name = ko; path = SupportingFiles/ko.lproj/Localizable.strings; sourceTree = "<group>"; };
		286070091E597A830074D933 /* Setting.plist */ = {isa = PBXFileReference; fileEncoding = 4; lastKnownFileType = text.plist.xml; name = Setting.plist; path = SupportingFiles/Setting.plist; sourceTree = "<group>"; };
		2860700C1E59850F0074D933 /* Base */ = {isa = PBXFileReference; lastKnownFileType = file.storyboard; name = Base; path = Base.lproj/Main.storyboard; sourceTree = "<group>"; };
		28975D7B1E56AA3700B102B6 /* RLDictionary.app */ = {isa = PBXFileReference; explicitFileType = wrapper.application; includeInIndex = 0; path = RLDictionary.app; sourceTree = BUILT_PRODUCTS_DIR; };
		28975D981E56AE5700B102B6 /* IntroViewController.h */ = {isa = PBXFileReference; fileEncoding = 4; lastKnownFileType = sourcecode.c.h; name = IntroViewController.h; path = ViewControllers/IntroViewController.h; sourceTree = "<group>"; };
		28975D991E56AE5700B102B6 /* IntroViewController.m */ = {isa = PBXFileReference; fileEncoding = 4; lastKnownFileType = sourcecode.c.objc; name = IntroViewController.m; path = ViewControllers/IntroViewController.m; sourceTree = "<group>"; };
		8F9C44C30A74F032040D6087 /* libPods-RLDictionary.a */ = {isa = PBXFileReference; explicitFileType = archive.ar; includeInIndex = 0; path = "libPods-RLDictionary.a"; sourceTree = BUILT_PRODUCTS_DIR; };
		E1ED5A479913DECF94F7AA92 /* Pods-RLDictionary.debug.xcconfig */ = {isa = PBXFileReference; includeInIndex = 1; lastKnownFileType = text.xcconfig; name = "Pods-RLDictionary.debug.xcconfig"; path = "Pods/Target Support Files/Pods-RLDictionary/Pods-RLDictionary.debug.xcconfig"; sourceTree = "<group>"; };
/* End PBXFileReference section */

/* Begin PBXFrameworksBuildPhase section */
		28975D781E56AA3700B102B6 /* Frameworks */ = {
			isa = PBXFrameworksBuildPhase;
			buildActionMask = 2147483647;
			files = (
				94AAD185A31C1C5C0BE0B0AD /* libPods-RLDictionary.a in Frameworks */,
			);
			runOnlyForDeploymentPostprocessing = 0;
		};
/* End PBXFrameworksBuildPhase section */

/* Begin PBXGroup section */
		02B672331E5AB27E008B386B /* Libraries */ = {
			isa = PBXGroup;
			children = (
				02B672341E5AB2B9008B386B /* SynthesizeSingleton */,
			);
			name = Libraries;
			sourceTree = "<group>";
		};
		02B672341E5AB2B9008B386B /* SynthesizeSingleton */ = {
			isa = PBXGroup;
			children = (
				02B672351E5AB2C2008B386B /* SynthesizeSingleton.h */,
			);
			name = SynthesizeSingleton;
			sourceTree = "<group>";
		};
		02E9BB4E1E5BDA2C00863E00 /* Models */ = {
			isa = PBXGroup;
			children = (
				02E9BB4F1E5BDA4300863E00 /* Word.h */,
				02E9BB501E5BDA4300863E00 /* Word.m */,
				02E9BB521E5BDBD400863E00 /* NSMutableArray+Word.h */,
				02E9BB531E5BDBD400863E00 /* NSMutableArray+Word.m */,
				02E9BB551E5C125A00863E00 /* Wordbook.h */,
				02E9BB561E5C125A00863E00 /* Wordbook.m */,
				02EA19D41E5D4B590059E903 /* NSDate+Word.h */,
				02EA19D51E5D4B590059E903 /* NSDate+Word.m */,
			);
			name = Models;
			sourceTree = "<group>";
		};
		28150C4C1E5930E200F807A3 /* SupportingFiles */ = {
			isa = PBXGroup;
			children = (
				28150C751E5976E600F807A3 /* Localizable.strings */,
				2860700D1E59850F0074D933 /* Main.storyboard */,
				28150C561E59318B00F807A3 /* LaunchScreen.storyboard */,
				28150C531E59318100F807A3 /* AppDelegate.h */,
				28150C541E59318100F807A3 /* AppDelegate.m */,
				28150C511E59313C00F807A3 /* Assets.xcassets */,
				28150C4D1E5930F100F807A3 /* Info.plist */,
				28150C4E1E5930F100F807A3 /* main.m */,
				28150C5A1E59339A00F807A3 /* common.pch */,
				286070091E597A830074D933 /* Setting.plist */,
			);
			name = SupportingFiles;
			sourceTree = "<group>";
		};
		28975D721E56AA3700B102B6 = {
			isa = PBXGroup;
			children = (
				28975D7D1E56AA3700B102B6 /* RLDictionary */,
				28975D7C1E56AA3700B102B6 /* Products */,
				55BF56C289BD86E2AD9BA955 /* Pods */,
				8D1355BB0CF4B9EB3CA82D82 /* Frameworks */,
			);
			sourceTree = "<group>";
		};
		28975D7C1E56AA3700B102B6 /* Products */ = {
			isa = PBXGroup;
			children = (
				28975D7B1E56AA3700B102B6 /* RLDictionary.app */,
			);
			name = Products;
			sourceTree = "<group>";
		};
		28975D7D1E56AA3700B102B6 /* RLDictionary */ = {
			isa = PBXGroup;
			children = (
				02E9BB4E1E5BDA2C00863E00 /* Models */,
				02B672331E5AB27E008B386B /* Libraries */,
				28150C4C1E5930E200F807A3 /* SupportingFiles */,
				28975D9B1E56AFA600B102B6 /* Managers */,
				28975D951E56AC1800B102B6 /* ViewControllers */,
			);
			path = RLDictionary;
			sourceTree = "<group>";
		};
		28975D951E56AC1800B102B6 /* ViewControllers */ = {
			isa = PBXGroup;
			children = (
				28975D981E56AE5700B102B6 /* IntroViewController.h */,
				28975D991E56AE5700B102B6 /* IntroViewController.m */,
				28150C5B1E596C2000F807A3 /* SettingViewController.h */,
				28150C5C1E596C2000F807A3 /* SettingViewController.m */,
			);
			name = ViewControllers;
			sourceTree = "<group>";
		};
		28975D9B1E56AFA600B102B6 /* Managers */ = {
			isa = PBXGroup;
			children = (
				28150C411E592CD200F807A3 /* WordDataManager.h */,
				28150C421E592CD200F807A3 /* WordDataManager.m */,
				02E9BB581E5C12D100863E00 /* WordbookManager.h */,
				02E9BB591E5C12D100863E00 /* WordbookManager.m */,
			);
			name = Managers;
			sourceTree = "<group>";
		};
		55BF56C289BD86E2AD9BA955 /* Pods */ = {
			isa = PBXGroup;
			children = (
				E1ED5A479913DECF94F7AA92 /* Pods-RLDictionary.debug.xcconfig */,
				07D82F8F8355E4F21E3AD75C /* Pods-RLDictionary.release.xcconfig */,
			);
			name = Pods;
			sourceTree = "<group>";
		};
		8D1355BB0CF4B9EB3CA82D82 /* Frameworks */ = {
			isa = PBXGroup;
			children = (
				8F9C44C30A74F032040D6087 /* libPods-RLDictionary.a */,
			);
			name = Frameworks;
			sourceTree = "<group>";
		};
/* End PBXGroup section */

/* Begin PBXNativeTarget section */
		28975D7A1E56AA3700B102B6 /* RLDictionary */ = {
			isa = PBXNativeTarget;
			buildConfigurationList = 28975D921E56AA3700B102B6 /* Build configuration list for PBXNativeTarget "RLDictionary" */;
			buildPhases = (
				8E6D25575AD218C64E867174 /* [CP] Check Pods Manifest.lock */,
				28975D771E56AA3700B102B6 /* Sources */,
				28975D781E56AA3700B102B6 /* Frameworks */,
				28975D791E56AA3700B102B6 /* Resources */,
				569040288BBE11956D48D0DD /* [CP] Embed Pods Frameworks */,
				4AF3B1F327E24BFA607777A2 /* [CP] Copy Pods Resources */,
			);
			buildRules = (
			);
			dependencies = (
			);
			name = RLDictionary;
			productName = RLDictionary;
			productReference = 28975D7B1E56AA3700B102B6 /* RLDictionary.app */;
			productType = "com.apple.product-type.application";
		};
/* End PBXNativeTarget section */

/* Begin PBXProject section */
		28975D731E56AA3700B102B6 /* Project object */ = {
			isa = PBXProject;
			attributes = {
				LastUpgradeCheck = 0820;
				ORGANIZATIONNAME = "Ryan Lee";
				TargetAttributes = {
					28975D7A1E56AA3700B102B6 = {
						CreatedOnToolsVersion = 8.2.1;
						DevelopmentTeam = 8BCVHFF9UB;
						ProvisioningStyle = Manual;
					};
				};
			};
			buildConfigurationList = 28975D761E56AA3700B102B6 /* Build configuration list for PBXProject "RLDictionary" */;
			compatibilityVersion = "Xcode 3.2";
			developmentRegion = English;
			hasScannedForEncodings = 0;
			knownRegions = (
				en,
				Base,
				ko,
			);
			mainGroup = 28975D721E56AA3700B102B6;
			productRefGroup = 28975D7C1E56AA3700B102B6 /* Products */;
			projectDirPath = "";
			projectRoot = "";
			targets = (
				28975D7A1E56AA3700B102B6 /* RLDictionary */,
			);
		};
/* End PBXProject section */

/* Begin PBXResourcesBuildPhase section */
		28975D791E56AA3700B102B6 /* Resources */ = {
			isa = PBXResourcesBuildPhase;
			buildActionMask = 2147483647;
			files = (
				28150C771E5976E600F807A3 /* Localizable.strings in Resources */,
				2860700B1E59850F0074D933 /* Main.storyboard in Resources */,
				28150C4F1E5930F100F807A3 /* Info.plist in Resources */,
				28150C571E59318B00F807A3 /* LaunchScreen.storyboard in Resources */,
				28150C521E59313C00F807A3 /* Assets.xcassets in Resources */,
				2860700A1E597A830074D933 /* Setting.plist in Resources */,
			);
			runOnlyForDeploymentPostprocessing = 0;
		};
/* End PBXResourcesBuildPhase section */

/* Begin PBXShellScriptBuildPhase section */
		4AF3B1F327E24BFA607777A2 /* [CP] Copy Pods Resources */ = {
			isa = PBXShellScriptBuildPhase;
			buildActionMask = 2147483647;
			files = (
			);
			inputPaths = (
			);
			name = "[CP] Copy Pods Resources";
			outputPaths = (
			);
			runOnlyForDeploymentPostprocessing = 0;
			shellPath = /bin/sh;
			shellScript = "\"${SRCROOT}/Pods/Target Support Files/Pods-RLDictionary/Pods-RLDictionary-resources.sh\"\n";
			showEnvVarsInLog = 0;
		};
		569040288BBE11956D48D0DD /* [CP] Embed Pods Frameworks */ = {
			isa = PBXShellScriptBuildPhase;
			buildActionMask = 2147483647;
			files = (
			);
			inputPaths = (
			);
			name = "[CP] Embed Pods Frameworks";
			outputPaths = (
			);
			runOnlyForDeploymentPostprocessing = 0;
			shellPath = /bin/sh;
			shellScript = "\"${SRCROOT}/Pods/Target Support Files/Pods-RLDictionary/Pods-RLDictionary-frameworks.sh\"\n";
			showEnvVarsInLog = 0;
		};
		8E6D25575AD218C64E867174 /* [CP] Check Pods Manifest.lock */ = {
			isa = PBXShellScriptBuildPhase;
			buildActionMask = 2147483647;
			files = (
			);
			inputPaths = (
			);
			name = "[CP] Check Pods Manifest.lock";
			outputPaths = (
			);
			runOnlyForDeploymentPostprocessing = 0;
			shellPath = /bin/sh;
			shellScript = "diff \"${PODS_ROOT}/../Podfile.lock\" \"${PODS_ROOT}/Manifest.lock\" > /dev/null\nif [ $? != 0 ] ; then\n    # print error to STDERR\n    echo \"error: The sandbox is not in sync with the Podfile.lock. Run 'pod install' or update your CocoaPods installation.\" >&2\n    exit 1\nfi\n";
			showEnvVarsInLog = 0;
		};
/* End PBXShellScriptBuildPhase section */

/* Begin PBXSourcesBuildPhase section */
		28975D771E56AA3700B102B6 /* Sources */ = {
			isa = PBXSourcesBuildPhase;
			buildActionMask = 2147483647;
			files = (
				28150C551E59318100F807A3 /* AppDelegate.m in Sources */,
				28975D9A1E56AE5700B102B6 /* IntroViewController.m in Sources */,
				02EA19D61E5D4B590059E903 /* NSDate+Word.m in Sources */,
				02E9BB5A1E5C12D100863E00 /* WordbookManager.m in Sources */,
				02E9BB511E5BDA4300863E00 /* Word.m in Sources */,
				02E9BB541E5BDBD400863E00 /* NSMutableArray+Word.m in Sources */,
				02E9BB571E5C125A00863E00 /* Wordbook.m in Sources */,
				28150C501E5930F100F807A3 /* main.m in Sources */,
				28150C431E592CD200F807A3 /* WordDataManager.m in Sources */,
				28150C5D1E596C2000F807A3 /* SettingViewController.m in Sources */,
			);
			runOnlyForDeploymentPostprocessing = 0;
		};
/* End PBXSourcesBuildPhase section */

/* Begin PBXVariantGroup section */
		28150C751E5976E600F807A3 /* Localizable.strings */ = {
			isa = PBXVariantGroup;
			children = (
				28150C761E5976E600F807A3 /* Base */,
				28150C781E5976EA00F807A3 /* ko */,
			);
			name = Localizable.strings;
			sourceTree = "<group>";
		};
		2860700D1E59850F0074D933 /* Main.storyboard */ = {
			isa = PBXVariantGroup;
			children = (
				2860700C1E59850F0074D933 /* Base */,
				02B672361E5AB4CB008B386B /* ko */,
			);
			name = Main.storyboard;
			path = SupportingFiles;
			sourceTree = "<group>";
		};
/* End PBXVariantGroup section */

/* Begin XCBuildConfiguration section */
		28975D901E56AA3700B102B6 /* Debug */ = {
			isa = XCBuildConfiguration;
			buildSettings = {
				ALWAYS_SEARCH_USER_PATHS = NO;
				CLANG_ANALYZER_LOCALIZABILITY_NONLOCALIZED = YES;
				CLANG_ANALYZER_NONNULL = YES;
				CLANG_CXX_LANGUAGE_STANDARD = "gnu++0x";
				CLANG_CXX_LIBRARY = "libc++";
				CLANG_ENABLE_MODULES = YES;
				CLANG_ENABLE_OBJC_ARC = YES;
				CLANG_WARN_BOOL_CONVERSION = YES;
				CLANG_WARN_CONSTANT_CONVERSION = YES;
				CLANG_WARN_DIRECT_OBJC_ISA_USAGE = YES_ERROR;
				CLANG_WARN_DOCUMENTATION_COMMENTS = YES;
				CLANG_WARN_EMPTY_BODY = YES;
				CLANG_WARN_ENUM_CONVERSION = YES;
				CLANG_WARN_INFINITE_RECURSION = YES;
				CLANG_WARN_INT_CONVERSION = YES;
				CLANG_WARN_OBJC_ROOT_CLASS = YES_ERROR;
				CLANG_WARN_SUSPICIOUS_MOVE = YES;
				CLANG_WARN_UNREACHABLE_CODE = YES;
				CLANG_WARN__DUPLICATE_METHOD_MATCH = YES;
				"CODE_SIGN_IDENTITY[sdk=iphoneos*]" = "iPhone Developer";
				COPY_PHASE_STRIP = NO;
				DEBUG_INFORMATION_FORMAT = dwarf;
				ENABLE_STRICT_OBJC_MSGSEND = YES;
				ENABLE_TESTABILITY = YES;
				GCC_C_LANGUAGE_STANDARD = gnu99;
				GCC_DYNAMIC_NO_PIC = NO;
				GCC_NO_COMMON_BLOCKS = YES;
				GCC_OPTIMIZATION_LEVEL = 0;
				GCC_PREPROCESSOR_DEFINITIONS = (
					"DEBUG=1",
					"$(inherited)",
				);
				GCC_WARN_64_TO_32_BIT_CONVERSION = YES;
				GCC_WARN_ABOUT_RETURN_TYPE = YES_ERROR;
				GCC_WARN_UNDECLARED_SELECTOR = YES;
				GCC_WARN_UNINITIALIZED_AUTOS = YES_AGGRESSIVE;
				GCC_WARN_UNUSED_FUNCTION = YES;
				GCC_WARN_UNUSED_VARIABLE = YES;
				IPHONEOS_DEPLOYMENT_TARGET = 9.0;
				MTL_ENABLE_DEBUG_INFO = YES;
				ONLY_ACTIVE_ARCH = YES;
				SDKROOT = iphoneos;
				TARGETED_DEVICE_FAMILY = "1,2";
			};
			name = Debug;
		};
		28975D911E56AA3700B102B6 /* Release */ = {
			isa = XCBuildConfiguration;
			buildSettings = {
				ALWAYS_SEARCH_USER_PATHS = NO;
				CLANG_ANALYZER_LOCALIZABILITY_NONLOCALIZED = YES;
				CLANG_ANALYZER_NONNULL = YES;
				CLANG_CXX_LANGUAGE_STANDARD = "gnu++0x";
				CLANG_CXX_LIBRARY = "libc++";
				CLANG_ENABLE_MODULES = YES;
				CLANG_ENABLE_OBJC_ARC = YES;
				CLANG_WARN_BOOL_CONVERSION = YES;
				CLANG_WARN_CONSTANT_CONVERSION = YES;
				CLANG_WARN_DIRECT_OBJC_ISA_USAGE = YES_ERROR;
				CLANG_WARN_DOCUMENTATION_COMMENTS = YES;
				CLANG_WARN_EMPTY_BODY = YES;
				CLANG_WARN_ENUM_CONVERSION = YES;
				CLANG_WARN_INFINITE_RECURSION = YES;
				CLANG_WARN_INT_CONVERSION = YES;
				CLANG_WARN_OBJC_ROOT_CLASS = YES_ERROR;
				CLANG_WARN_SUSPICIOUS_MOVE = YES;
				CLANG_WARN_UNREACHABLE_CODE = YES;
				CLANG_WARN__DUPLICATE_METHOD_MATCH = YES;
				"CODE_SIGN_IDENTITY[sdk=iphoneos*]" = "iPhone Developer";
				COPY_PHASE_STRIP = NO;
				DEBUG_INFORMATION_FORMAT = "dwarf-with-dsym";
				ENABLE_NS_ASSERTIONS = NO;
				ENABLE_STRICT_OBJC_MSGSEND = YES;
				GCC_C_LANGUAGE_STANDARD = gnu99;
				GCC_NO_COMMON_BLOCKS = YES;
				GCC_WARN_64_TO_32_BIT_CONVERSION = YES;
				GCC_WARN_ABOUT_RETURN_TYPE = YES_ERROR;
				GCC_WARN_UNDECLARED_SELECTOR = YES;
				GCC_WARN_UNINITIALIZED_AUTOS = YES_AGGRESSIVE;
				GCC_WARN_UNUSED_FUNCTION = YES;
				GCC_WARN_UNUSED_VARIABLE = YES;
				IPHONEOS_DEPLOYMENT_TARGET = 9.0;
				MTL_ENABLE_DEBUG_INFO = NO;
				SDKROOT = iphoneos;
				TARGETED_DEVICE_FAMILY = "1,2";
				VALIDATE_PRODUCT = YES;
			};
			name = Release;
		};
		28975D931E56AA3700B102B6 /* Debug */ = {
			isa = XCBuildConfiguration;
			baseConfigurationReference = E1ED5A479913DECF94F7AA92 /* Pods-RLDictionary.debug.xcconfig */;
			buildSettings = {
				ASSETCATALOG_COMPILER_APPICON_NAME = AppIcon;
				DEVELOPMENT_TEAM = 8BCVHFF9UB;
				GCC_PREFIX_HEADER = RLDictionary/SupportingFiles/common.pch;
				INFOPLIST_FILE = RLDictionary/SupportingFiles/Info.plist;
				IPHONEOS_DEPLOYMENT_TARGET = 8.0;
				LD_RUNPATH_SEARCH_PATHS = "$(inherited) @executable_path/Frameworks";
				PRODUCT_BUNDLE_IDENTIFIER = com.test.tmap;
				PRODUCT_NAME = "$(TARGET_NAME)";
				PROVISIONING_PROFILE = "74cac3d7-b8b5-4e84-acc1-bb9f118b354f";
				PROVISIONING_PROFILE_SPECIFIER = com.test.tmap;
			};
			name = Debug;
		};
		28975D941E56AA3700B102B6 /* Release */ = {
			isa = XCBuildConfiguration;
			baseConfigurationReference = 07D82F8F8355E4F21E3AD75C /* Pods-RLDictionary.release.xcconfig */;
			buildSettings = {
				ASSETCATALOG_COMPILER_APPICON_NAME = AppIcon;
				DEVELOPMENT_TEAM = 8BCVHFF9UB;
				GCC_PREFIX_HEADER = RLDictionary/SupportingFiles/common.pch;
				INFOPLIST_FILE = RLDictionary/SupportingFiles/Info.plist;
				IPHONEOS_DEPLOYMENT_TARGET = 8.0;
				LD_RUNPATH_SEARCH_PATHS = "$(inherited) @executable_path/Frameworks";
				PRODUCT_BUNDLE_IDENTIFIER = com.test.tmap;
				PRODUCT_NAME = "$(TARGET_NAME)";
				PROVISIONING_PROFILE = "74cac3d7-b8b5-4e84-acc1-bb9f118b354f";
				PROVISIONING_PROFILE_SPECIFIER = com.test.tmap;
			};
			name = Release;
		};
/* End XCBuildConfiguration section */

/* Begin XCConfigurationList section */
		28975D761E56AA3700B102B6 /* Build configuration list for PBXProject "RLDictionary" */ = {
			isa = XCConfigurationList;
			buildConfigurations = (
				28975D901E56AA3700B102B6 /* Debug */,
				28975D911E56AA3700B102B6 /* Release */,
			);
			defaultConfigurationIsVisible = 0;
			defaultConfigurationName = Release;
		};
		28975D921E56AA3700B102B6 /* Build configuration list for PBXNativeTarget "RLDictionary" */ = {
			isa = XCConfigurationList;
			buildConfigurations = (
				28975D931E56AA3700B102B6 /* Debug */,
				28975D941E56AA3700B102B6 /* Release */,
			);
			defaultConfigurationIsVisible = 0;
			defaultConfigurationName = Release;
		};
/* End XCConfigurationList section */
	};
	rootObject = 28975D731E56AA3700B102B6 /* Project object */;
}
