// !$*UTF8*$!
{
	archiveVersion = 1;
	classes = {
	};
	objectVersion = 46;
	objects = {

/* Begin PBXBuildFile section */
		024371AB1F723A05000E62EE /* UITableView+CustomCell.m in Sources */ = {isa = PBXBuildFile; fileRef = 024371AA1F723A05000E62EE /* UITableView+CustomCell.m */; };
		0295F02E1E810F5F00E67BA9 /* NSDate+NSDateFormatter.m in Sources */ = {isa = PBXBuildFile; fileRef = 0295F0281E810F5F00E67BA9 /* NSDate+NSDateFormatter.m */; };
		0295F02F1E810F5F00E67BA9 /* NSObject+NSAssert.m in Sources */ = {isa = PBXBuildFile; fileRef = 0295F02A1E810F5F00E67BA9 /* NSObject+NSAssert.m */; };
		0295F0301E810F5F00E67BA9 /* NSFileManager+NSSearchPath.m in Sources */ = {isa = PBXBuildFile; fileRef = 0295F02D1E810F5F00E67BA9 /* NSFileManager+NSSearchPath.m */; };
		0295F0391E810F6B00E67BA9 /* WordbookHasReadCell.m in Sources */ = {isa = PBXBuildFile; fileRef = 0295F0321E810F6B00E67BA9 /* WordbookHasReadCell.m */; };
		0295F03A1E810F6B00E67BA9 /* WordbookHeaderView.m in Sources */ = {isa = PBXBuildFile; fileRef = 0295F0341E810F6B00E67BA9 /* WordbookHeaderView.m */; };
		0295F03B1E810F6B00E67BA9 /* WordbookTableViewCell.m in Sources */ = {isa = PBXBuildFile; fileRef = 0295F0361E810F6B00E67BA9 /* WordbookTableViewCell.m */; };
		0295F03C1E810F6B00E67BA9 /* WordbookHasReadCell.xib in Resources */ = {isa = PBXBuildFile; fileRef = 0295F0371E810F6B00E67BA9 /* WordbookHasReadCell.xib */; };
		0295F03D1E810F6B00E67BA9 /* WordbookTableViewCell.xib in Resources */ = {isa = PBXBuildFile; fileRef = 0295F0381E810F6B00E67BA9 /* WordbookTableViewCell.xib */; };
		0295F0441E810F7600E67BA9 /* NSMutableArray+Word.m in Sources */ = {isa = PBXBuildFile; fileRef = 0295F03E1E810F7600E67BA9 /* NSMutableArray+Word.m */; };
		0295F0451E810F7600E67BA9 /* Word.m in Sources */ = {isa = PBXBuildFile; fileRef = 0295F0401E810F7600E67BA9 /* Word.m */; };
		0295F0461E810F7600E67BA9 /* Wordbook.m in Sources */ = {isa = PBXBuildFile; fileRef = 0295F0431E810F7600E67BA9 /* Wordbook.m */; };
		0295F04D1E810F8700E67BA9 /* WordDataManager.m in Sources */ = {isa = PBXBuildFile; fileRef = 0295F0471E810F8700E67BA9 /* WordDataManager.m */; };
		0295F04E1E810F8700E67BA9 /* WordDataDBHelper.m in Sources */ = {isa = PBXBuildFile; fileRef = 0295F0481E810F8700E67BA9 /* WordDataDBHelper.m */; };
		0295F04F1E810F8700E67BA9 /* WordDataHandler.m in Sources */ = {isa = PBXBuildFile; fileRef = 0295F04B1E810F8700E67BA9 /* WordDataHandler.m */; };
		0295F0541E810F9200E67BA9 /* IntroViewController.m in Sources */ = {isa = PBXBuildFile; fileRef = 0295F0501E810F9200E67BA9 /* IntroViewController.m */; };
		0295F0551E810F9200E67BA9 /* SettingViewController.m in Sources */ = {isa = PBXBuildFile; fileRef = 0295F0511E810F9200E67BA9 /* SettingViewController.m */; };
		0295F05F1E810FA800E67BA9 /* AppDelegate.m in Sources */ = {isa = PBXBuildFile; fileRef = 0295F0591E810FA800E67BA9 /* AppDelegate.m */; };
		0295F0601E810FA800E67BA9 /* main.m in Sources */ = {isa = PBXBuildFile; fileRef = 0295F05A1E810FA800E67BA9 /* main.m */; };
		0295F0611E810FA800E67BA9 /* Assets.xcassets in Resources */ = {isa = PBXBuildFile; fileRef = 0295F05B1E810FA800E67BA9 /* Assets.xcassets */; };
		0295F0621E810FA800E67BA9 /* Setting.plist in Resources */ = {isa = PBXBuildFile; fileRef = 0295F05C1E810FA800E67BA9 /* Setting.plist */; };
		0295F0631E810FA800E67BA9 /* LaunchScreen.storyboard in Resources */ = {isa = PBXBuildFile; fileRef = 0295F05D1E810FA800E67BA9 /* LaunchScreen.storyboard */; };
		0295F06C1E8111BD00E67BA9 /* WordbookHeaderView.xib in Resources */ = {isa = PBXBuildFile; fileRef = 0295F06B1E8111BD00E67BA9 /* WordbookHeaderView.xib */; };
		0295F0721E81135100E67BA9 /* Localizable.strings in Resources */ = {isa = PBXBuildFile; fileRef = 0295F0651E81115A00E67BA9 /* Localizable.strings */; };
		0295F0731E81135100E67BA9 /* Main.storyboard in Resources */ = {isa = PBXBuildFile; fileRef = 0295F0671E81115A00E67BA9 /* Main.storyboard */; };
		02DE9BF51F72489500FBEFED /* SpeechSynthesizerManager.m in Sources */ = {isa = PBXBuildFile; fileRef = 02DE9BF41F72489500FBEFED /* SpeechSynthesizerManager.m */; };
		02DE9BFB1F726C4B00FBEFED /* NSString+FormattedList.m in Sources */ = {isa = PBXBuildFile; fileRef = 02DE9BFA1F726C4B00FBEFED /* NSString+FormattedList.m */; };
		02DE9C011F735D2C00FBEFED /* NSString+ColorAttribute.m in Sources */ = {isa = PBXBuildFile; fileRef = 02DE9C001F735D2C00FBEFED /* NSString+ColorAttribute.m */; };
		1714E188077A8DD2E7660988 /* libPods-Podic.a in Frameworks */ = {isa = PBXBuildFile; fileRef = 8F9C44C30A74F032040D6087 /* libPods-Podic.a */; };
		282162CD1ED194C000678213 /* GoogleService-Info.plist in Resources */ = {isa = PBXBuildFile; fileRef = 282162CC1ED194C000678213 /* GoogleService-Info.plist */; };
		284048E71E878EA8006FAFD9 /* WNDBHelper.m in Sources */ = {isa = PBXBuildFile; fileRef = 284048E41E878EA8006FAFD9 /* WNDBHelper.m */; };
		284048E81E878EA8006FAFD9 /* WNWord.m in Sources */ = {isa = PBXBuildFile; fileRef = 284048E61E878EA8006FAFD9 /* WNWord.m */; };
		284048EC1E878EC2006FAFD9 /* WNDefinition.m in Sources */ = {isa = PBXBuildFile; fileRef = 284048EB1E878EC2006FAFD9 /* WNDefinition.m */; };
		284048EF1E878EDD006FAFD9 /* WNExample.m in Sources */ = {isa = PBXBuildFile; fileRef = 284048EE1E878EDD006FAFD9 /* WNExample.m */; };
		284048F31E87929B006FAFD9 /* 170319.WN3.1.db in Resources */ = {isa = PBXBuildFile; fileRef = 284048F21E879287006FAFD9 /* 170319.WN3.1.db */; };
		284048F71E879747006FAFD9 /* ErrorHandler.m in Sources */ = {isa = PBXBuildFile; fileRef = 284048F61E879747006FAFD9 /* ErrorHandler.m */; };
		284048FF1E879C14006FAFD9 /* PodicUnitTests.m in Sources */ = {isa = PBXBuildFile; fileRef = 284048FE1E879C14006FAFD9 /* PodicUnitTests.m */; };
		284049091E879D0C006FAFD9 /* WNDatabaseTestCase.m in Sources */ = {isa = PBXBuildFile; fileRef = 284049081E879D0C006FAFD9 /* WNDatabaseTestCase.m */; };
		2840490A1E879EB8006FAFD9 /* libPods-Podic.a in Frameworks */ = {isa = PBXBuildFile; fileRef = 226ACEB3346D32941C04AFAA /* libPods-Podic.a */; };
		2840490D1E87A243006FAFD9 /* DefinitionViewController.m in Sources */ = {isa = PBXBuildFile; fileRef = 2840490C1E87A243006FAFD9 /* DefinitionViewController.m */; };
		284049111E87A626006FAFD9 /* DefinitionCell.m in Sources */ = {isa = PBXBuildFile; fileRef = 284049101E87A626006FAFD9 /* DefinitionCell.m */; };
		284049131E87A640006FAFD9 /* DefinitionCell.xib in Resources */ = {isa = PBXBuildFile; fileRef = 284049121E87A640006FAFD9 /* DefinitionCell.xib */; };
		284049161E87DDDC006FAFD9 /* WordCell.m in Sources */ = {isa = PBXBuildFile; fileRef = 284049151E87DDDC006FAFD9 /* WordCell.m */; };
		284049181E87DDEA006FAFD9 /* WordCell.xib in Resources */ = {isa = PBXBuildFile; fileRef = 284049171E87DDEA006FAFD9 /* WordCell.xib */; };
		2840491A1E87E002006FAFD9 /* ExampleCell.xib in Resources */ = {isa = PBXBuildFile; fileRef = 284049191E87E002006FAFD9 /* ExampleCell.xib */; };
		2840491D1E87E011006FAFD9 /* ExampleCell.m in Sources */ = {isa = PBXBuildFile; fileRef = 2840491C1E87E011006FAFD9 /* ExampleCell.m */; };
		2840491F1E87E584006FAFD9 /* PartOfSpeechView.xib in Resources */ = {isa = PBXBuildFile; fileRef = 2840491E1E87E584006FAFD9 /* PartOfSpeechView.xib */; };
		284049221E87E5A1006FAFD9 /* PartOfSpeechView.m in Sources */ = {isa = PBXBuildFile; fileRef = 284049211E87E5A1006FAFD9 /* PartOfSpeechView.m */; };
		284049271E881ACD006FAFD9 /* ShortDefinitionCell.xib in Resources */ = {isa = PBXBuildFile; fileRef = 284049261E881ACD006FAFD9 /* ShortDefinitionCell.xib */; };
		2840492A1E881B4A006FAFD9 /* ShortDefinitionCell.m in Sources */ = {isa = PBXBuildFile; fileRef = 284049291E881B4A006FAFD9 /* ShortDefinitionCell.m */; };
		285A84781E8C0C4900351810 /* UIViewController+UpsideDown.m in Sources */ = {isa = PBXBuildFile; fileRef = 285A84771E8C0C4900351810 /* UIViewController+UpsideDown.m */; };
		289DA8081E8B76E50070EB7D /* AVSpeechSynthesizer+AVSpeechUtterance.m in Sources */ = {isa = PBXBuildFile; fileRef = 289DA8071E8B76E50070EB7D /* AVSpeechSynthesizer+AVSpeechUtterance.m */; };
		5C6684EB7433FF7FC74E772D /* libPods-PodicUnitTests.a in Frameworks */ = {isa = PBXBuildFile; fileRef = C612AEC2FD72C2F12028173D /* libPods-PodicUnitTests.a */; };
		A41D3126232B4FDAE10D4BAA /* libPods-Podic.a in Frameworks */ = {isa = PBXBuildFile; fileRef = 226ACEB3346D32941C04AFAA /* libPods-Podic.a */; };
/* End PBXBuildFile section */

/* Begin PBXContainerItemProxy section */
		284049011E879C14006FAFD9 /* PBXContainerItemProxy */ = {
			isa = PBXContainerItemProxy;
			containerPortal = 28975D731E56AA3700B102B6 /* Project object */;
			proxyType = 1;
			remoteGlobalIDString = 28975D7A1E56AA3700B102B6;
			remoteInfo = Podic;
		};
/* End PBXContainerItemProxy section */

/* Begin PBXFileReference section */
		024371A91F723A05000E62EE /* UITableView+CustomCell.h */ = {isa = PBXFileReference; lastKnownFileType = sourcecode.c.h; name = "UITableView+CustomCell.h"; path = "Categories/UITableView+CustomCell.h"; sourceTree = "<group>"; };
		024371AA1F723A05000E62EE /* UITableView+CustomCell.m */ = {isa = PBXFileReference; lastKnownFileType = sourcecode.c.objc; name = "UITableView+CustomCell.m"; path = "Categories/UITableView+CustomCell.m"; sourceTree = "<group>"; };
		0295F0281E810F5F00E67BA9 /* NSDate+NSDateFormatter.m */ = {isa = PBXFileReference; fileEncoding = 4; lastKnownFileType = sourcecode.c.objc; name = "NSDate+NSDateFormatter.m"; path = "Podic/Categories/NSDate+NSDateFormatter.m"; sourceTree = SOURCE_ROOT; };
		0295F0291E810F5F00E67BA9 /* NSDate+NSDateFormatter.h */ = {isa = PBXFileReference; fileEncoding = 4; lastKnownFileType = sourcecode.c.h; name = "NSDate+NSDateFormatter.h"; path = "Podic/Categories/NSDate+NSDateFormatter.h"; sourceTree = SOURCE_ROOT; };
		0295F02A1E810F5F00E67BA9 /* NSObject+NSAssert.m */ = {isa = PBXFileReference; fileEncoding = 4; lastKnownFileType = sourcecode.c.objc; name = "NSObject+NSAssert.m"; path = "Podic/Categories/NSObject+NSAssert.m"; sourceTree = SOURCE_ROOT; };
		0295F02B1E810F5F00E67BA9 /* NSObject+NSAssert.h */ = {isa = PBXFileReference; fileEncoding = 4; lastKnownFileType = sourcecode.c.h; name = "NSObject+NSAssert.h"; path = "Podic/Categories/NSObject+NSAssert.h"; sourceTree = SOURCE_ROOT; };
		0295F02C1E810F5F00E67BA9 /* NSFileManager+NSSearchPath.h */ = {isa = PBXFileReference; fileEncoding = 4; lastKnownFileType = sourcecode.c.h; name = "NSFileManager+NSSearchPath.h"; path = "Podic/Categories/NSFileManager+NSSearchPath.h"; sourceTree = SOURCE_ROOT; };
		0295F02D1E810F5F00E67BA9 /* NSFileManager+NSSearchPath.m */ = {isa = PBXFileReference; fileEncoding = 4; lastKnownFileType = sourcecode.c.objc; name = "NSFileManager+NSSearchPath.m"; path = "Podic/Categories/NSFileManager+NSSearchPath.m"; sourceTree = SOURCE_ROOT; };
		0295F0311E810F6B00E67BA9 /* WordbookHasReadCell.h */ = {isa = PBXFileReference; fileEncoding = 4; lastKnownFileType = sourcecode.c.h; name = WordbookHasReadCell.h; path = Podic/Views/WordbookHasReadCell.h; sourceTree = SOURCE_ROOT; };
		0295F0321E810F6B00E67BA9 /* WordbookHasReadCell.m */ = {isa = PBXFileReference; fileEncoding = 4; lastKnownFileType = sourcecode.c.objc; name = WordbookHasReadCell.m; path = Podic/Views/WordbookHasReadCell.m; sourceTree = SOURCE_ROOT; };
		0295F0331E810F6B00E67BA9 /* WordbookHeaderView.h */ = {isa = PBXFileReference; fileEncoding = 4; lastKnownFileType = sourcecode.c.h; name = WordbookHeaderView.h; path = Podic/Views/WordbookHeaderView.h; sourceTree = SOURCE_ROOT; };
		0295F0341E810F6B00E67BA9 /* WordbookHeaderView.m */ = {isa = PBXFileReference; fileEncoding = 4; lastKnownFileType = sourcecode.c.objc; name = WordbookHeaderView.m; path = Podic/Views/WordbookHeaderView.m; sourceTree = SOURCE_ROOT; };
		0295F0351E810F6B00E67BA9 /* WordbookTableViewCell.h */ = {isa = PBXFileReference; fileEncoding = 4; lastKnownFileType = sourcecode.c.h; name = WordbookTableViewCell.h; path = Podic/Views/WordbookTableViewCell.h; sourceTree = SOURCE_ROOT; };
		0295F0361E810F6B00E67BA9 /* WordbookTableViewCell.m */ = {isa = PBXFileReference; fileEncoding = 4; lastKnownFileType = sourcecode.c.objc; name = WordbookTableViewCell.m; path = Podic/Views/WordbookTableViewCell.m; sourceTree = SOURCE_ROOT; };
		0295F0371E810F6B00E67BA9 /* WordbookHasReadCell.xib */ = {isa = PBXFileReference; fileEncoding = 4; lastKnownFileType = file.xib; name = WordbookHasReadCell.xib; path = Podic/Views/WordbookHasReadCell.xib; sourceTree = SOURCE_ROOT; };
		0295F0381E810F6B00E67BA9 /* WordbookTableViewCell.xib */ = {isa = PBXFileReference; fileEncoding = 4; lastKnownFileType = file.xib; name = WordbookTableViewCell.xib; path = Podic/Views/WordbookTableViewCell.xib; sourceTree = SOURCE_ROOT; };
		0295F03E1E810F7600E67BA9 /* NSMutableArray+Word.m */ = {isa = PBXFileReference; fileEncoding = 4; lastKnownFileType = sourcecode.c.objc; name = "NSMutableArray+Word.m"; path = "Podic/Models/NSMutableArray+Word.m"; sourceTree = SOURCE_ROOT; };
		0295F03F1E810F7600E67BA9 /* Word.h */ = {isa = PBXFileReference; fileEncoding = 4; lastKnownFileType = sourcecode.c.h; name = Word.h; path = Podic/Models/Word.h; sourceTree = SOURCE_ROOT; };
		0295F0401E810F7600E67BA9 /* Word.m */ = {isa = PBXFileReference; fileEncoding = 4; lastKnownFileType = sourcecode.c.objc; name = Word.m; path = Podic/Models/Word.m; sourceTree = SOURCE_ROOT; };
		0295F0411E810F7600E67BA9 /* Wordbook.h */ = {isa = PBXFileReference; fileEncoding = 4; lastKnownFileType = sourcecode.c.h; name = Wordbook.h; path = Podic/Models/Wordbook.h; sourceTree = SOURCE_ROOT; };
		0295F0421E810F7600E67BA9 /* NSMutableArray+Word.h */ = {isa = PBXFileReference; fileEncoding = 4; lastKnownFileType = sourcecode.c.h; name = "NSMutableArray+Word.h"; path = "Podic/Models/NSMutableArray+Word.h"; sourceTree = SOURCE_ROOT; };
		0295F0431E810F7600E67BA9 /* Wordbook.m */ = {isa = PBXFileReference; fileEncoding = 4; lastKnownFileType = sourcecode.c.objc; name = Wordbook.m; path = Podic/Models/Wordbook.m; sourceTree = SOURCE_ROOT; };
		0295F0471E810F8700E67BA9 /* WordDataManager.m */ = {isa = PBXFileReference; fileEncoding = 4; lastKnownFileType = sourcecode.c.objc; name = WordDataManager.m; path = Podic/Managers/WordDataManager.m; sourceTree = SOURCE_ROOT; };
		0295F0481E810F8700E67BA9 /* WordDataDBHelper.m */ = {isa = PBXFileReference; fileEncoding = 4; lastKnownFileType = sourcecode.c.objc; name = WordDataDBHelper.m; path = Podic/Managers/WordDataDBHelper.m; sourceTree = SOURCE_ROOT; };
		0295F0491E810F8700E67BA9 /* WordDataDBHelper.h */ = {isa = PBXFileReference; fileEncoding = 4; lastKnownFileType = sourcecode.c.h; name = WordDataDBHelper.h; path = Podic/Managers/WordDataDBHelper.h; sourceTree = SOURCE_ROOT; };
		0295F04A1E810F8700E67BA9 /* WordDataManager.h */ = {isa = PBXFileReference; fileEncoding = 4; lastKnownFileType = sourcecode.c.h; name = WordDataManager.h; path = Podic/Managers/WordDataManager.h; sourceTree = SOURCE_ROOT; };
		0295F04B1E810F8700E67BA9 /* WordDataHandler.m */ = {isa = PBXFileReference; fileEncoding = 4; lastKnownFileType = sourcecode.c.objc; name = WordDataHandler.m; path = Podic/Managers/WordDataHandler.m; sourceTree = SOURCE_ROOT; };
		0295F04C1E810F8700E67BA9 /* WordDataHandler.h */ = {isa = PBXFileReference; fileEncoding = 4; lastKnownFileType = sourcecode.c.h; name = WordDataHandler.h; path = Podic/Managers/WordDataHandler.h; sourceTree = SOURCE_ROOT; };
		0295F0501E810F9200E67BA9 /* IntroViewController.m */ = {isa = PBXFileReference; fileEncoding = 4; lastKnownFileType = sourcecode.c.objc; name = IntroViewController.m; path = Podic/ViewControllers/IntroViewController.m; sourceTree = SOURCE_ROOT; };
		0295F0511E810F9200E67BA9 /* SettingViewController.m */ = {isa = PBXFileReference; fileEncoding = 4; lastKnownFileType = sourcecode.c.objc; name = SettingViewController.m; path = Podic/ViewControllers/SettingViewController.m; sourceTree = SOURCE_ROOT; };
		0295F0521E810F9200E67BA9 /* IntroViewController.h */ = {isa = PBXFileReference; fileEncoding = 4; lastKnownFileType = sourcecode.c.h; name = IntroViewController.h; path = Podic/ViewControllers/IntroViewController.h; sourceTree = SOURCE_ROOT; };
		0295F0531E810F9200E67BA9 /* SettingViewController.h */ = {isa = PBXFileReference; fileEncoding = 4; lastKnownFileType = sourcecode.c.h; name = SettingViewController.h; path = Podic/ViewControllers/SettingViewController.h; sourceTree = SOURCE_ROOT; };
		0295F0561E810FA800E67BA9 /* Info.plist */ = {isa = PBXFileReference; fileEncoding = 4; lastKnownFileType = text.plist.xml; name = Info.plist; path = Podic/SupportingFiles/Info.plist; sourceTree = SOURCE_ROOT; };
		0295F0571E810FA800E67BA9 /* common.pch */ = {isa = PBXFileReference; fileEncoding = 4; lastKnownFileType = sourcecode.c.h; name = common.pch; path = Podic/SupportingFiles/common.pch; sourceTree = SOURCE_ROOT; };
		0295F0581E810FA800E67BA9 /* AppDelegate.h */ = {isa = PBXFileReference; fileEncoding = 4; lastKnownFileType = sourcecode.c.h; name = AppDelegate.h; path = Podic/SupportingFiles/AppDelegate.h; sourceTree = SOURCE_ROOT; };
		0295F0591E810FA800E67BA9 /* AppDelegate.m */ = {isa = PBXFileReference; fileEncoding = 4; lastKnownFileType = sourcecode.c.objc; name = AppDelegate.m; path = Podic/SupportingFiles/AppDelegate.m; sourceTree = SOURCE_ROOT; };
		0295F05A1E810FA800E67BA9 /* main.m */ = {isa = PBXFileReference; fileEncoding = 4; lastKnownFileType = sourcecode.c.objc; name = main.m; path = Podic/SupportingFiles/main.m; sourceTree = SOURCE_ROOT; };
		0295F05B1E810FA800E67BA9 /* Assets.xcassets */ = {isa = PBXFileReference; lastKnownFileType = folder.assetcatalog; name = Assets.xcassets; path = Podic/SupportingFiles/Assets.xcassets; sourceTree = SOURCE_ROOT; };
		0295F05C1E810FA800E67BA9 /* Setting.plist */ = {isa = PBXFileReference; fileEncoding = 4; lastKnownFileType = text.plist.xml; name = Setting.plist; path = Podic/SupportingFiles/Setting.plist; sourceTree = SOURCE_ROOT; };
		0295F05D1E810FA800E67BA9 /* LaunchScreen.storyboard */ = {isa = PBXFileReference; fileEncoding = 4; lastKnownFileType = file.storyboard; name = LaunchScreen.storyboard; path = Podic/SupportingFiles/LaunchScreen.storyboard; sourceTree = SOURCE_ROOT; };
		0295F0641E81100A00E67BA9 /* SynthesizeSingleton.h */ = {isa = PBXFileReference; fileEncoding = 4; lastKnownFileType = sourcecode.c.h; name = SynthesizeSingleton.h; path = Podic/Libraries/SynthesizeSingleton/SynthesizeSingleton.h; sourceTree = SOURCE_ROOT; };
		0295F0661E81115A00E67BA9 /* Base */ = {isa = PBXFileReference; lastKnownFileType = text.plist.strings; name = Base; path = Podic/SupportingFiles/Base.lproj/Localizable.strings; sourceTree = SOURCE_ROOT; };
		0295F0681E81115A00E67BA9 /* Base */ = {isa = PBXFileReference; lastKnownFileType = file.storyboard; name = Base; path = Podic/SupportingFiles/Base.lproj/Main.storyboard; sourceTree = SOURCE_ROOT; };
		0295F06B1E8111BD00E67BA9 /* WordbookHeaderView.xib */ = {isa = PBXFileReference; fileEncoding = 4; lastKnownFileType = file.xib; name = WordbookHeaderView.xib; path = Podic/Views/WordbookHeaderView.xib; sourceTree = SOURCE_ROOT; };
		0295F0741E8114D100E67BA9 /* ko */ = {isa = PBXFileReference; lastKnownFileType = text.plist.strings; name = ko; path = SupportingFiles/ko.lproj/Localizable.strings; sourceTree = "<group>"; };
		02DE9BF31F72489500FBEFED /* SpeechSynthesizerManager.h */ = {isa = PBXFileReference; lastKnownFileType = sourcecode.c.h; name = SpeechSynthesizerManager.h; path = Managers/SpeechSynthesizerManager.h; sourceTree = "<group>"; };
		02DE9BF41F72489500FBEFED /* SpeechSynthesizerManager.m */ = {isa = PBXFileReference; lastKnownFileType = sourcecode.c.objc; name = SpeechSynthesizerManager.m; path = Managers/SpeechSynthesizerManager.m; sourceTree = "<group>"; };
		02DE9BF91F726C4B00FBEFED /* NSString+FormattedList.h */ = {isa = PBXFileReference; lastKnownFileType = sourcecode.c.h; name = "NSString+FormattedList.h"; path = "Categories/NSString+FormattedList.h"; sourceTree = "<group>"; };
		02DE9BFA1F726C4B00FBEFED /* NSString+FormattedList.m */ = {isa = PBXFileReference; lastKnownFileType = sourcecode.c.objc; name = "NSString+FormattedList.m"; path = "Categories/NSString+FormattedList.m"; sourceTree = "<group>"; };
		02DE9BFF1F735D2C00FBEFED /* NSString+ColorAttribute.h */ = {isa = PBXFileReference; lastKnownFileType = sourcecode.c.h; name = "NSString+ColorAttribute.h"; path = "Categories/NSString+ColorAttribute.h"; sourceTree = "<group>"; };
		02DE9C001F735D2C00FBEFED /* NSString+ColorAttribute.m */ = {isa = PBXFileReference; lastKnownFileType = sourcecode.c.objc; name = "NSString+ColorAttribute.m"; path = "Categories/NSString+ColorAttribute.m"; sourceTree = "<group>"; };
		226ACEB3346D32941C04AFAA /* libPods-Podic.a */ = {isa = PBXFileReference; explicitFileType = archive.ar; includeInIndex = 0; path = "libPods-Podic.a"; sourceTree = BUILT_PRODUCTS_DIR; };
		282162CC1ED194C000678213 /* GoogleService-Info.plist */ = {isa = PBXFileReference; fileEncoding = 4; lastKnownFileType = text.plist.xml; name = "GoogleService-Info.plist"; path = "SupportingFiles/GoogleService-Info.plist"; sourceTree = "<group>"; };
		284048E31E878EA8006FAFD9 /* WNDBHelper.h */ = {isa = PBXFileReference; fileEncoding = 4; lastKnownFileType = sourcecode.c.h; name = WNDBHelper.h; path = Databases/WordNet/WNDBHelper.h; sourceTree = "<group>"; };
		284048E41E878EA8006FAFD9 /* WNDBHelper.m */ = {isa = PBXFileReference; fileEncoding = 4; lastKnownFileType = sourcecode.c.objc; name = WNDBHelper.m; path = Databases/WordNet/WNDBHelper.m; sourceTree = "<group>"; };
		284048E51E878EA8006FAFD9 /* WNWord.h */ = {isa = PBXFileReference; fileEncoding = 4; lastKnownFileType = sourcecode.c.h; name = WNWord.h; path = Databases/WordNet/WNWord.h; sourceTree = "<group>"; };
		284048E61E878EA8006FAFD9 /* WNWord.m */ = {isa = PBXFileReference; fileEncoding = 4; lastKnownFileType = sourcecode.c.objc; name = WNWord.m; path = Databases/WordNet/WNWord.m; sourceTree = "<group>"; };
		284048EA1E878EC2006FAFD9 /* WNDefinition.h */ = {isa = PBXFileReference; fileEncoding = 4; lastKnownFileType = sourcecode.c.h; name = WNDefinition.h; path = Databases/WordNet/WNDefinition.h; sourceTree = "<group>"; };
		284048EB1E878EC2006FAFD9 /* WNDefinition.m */ = {isa = PBXFileReference; fileEncoding = 4; lastKnownFileType = sourcecode.c.objc; name = WNDefinition.m; path = Databases/WordNet/WNDefinition.m; sourceTree = "<group>"; };
		284048ED1E878EDD006FAFD9 /* WNExample.h */ = {isa = PBXFileReference; fileEncoding = 4; lastKnownFileType = sourcecode.c.h; name = WNExample.h; path = Databases/WordNet/WNExample.h; sourceTree = "<group>"; };
		284048EE1E878EDD006FAFD9 /* WNExample.m */ = {isa = PBXFileReference; fileEncoding = 4; lastKnownFileType = sourcecode.c.objc; name = WNExample.m; path = Databases/WordNet/WNExample.m; sourceTree = "<group>"; };
		284048F21E879287006FAFD9 /* 170319.WN3.1.db */ = {isa = PBXFileReference; lastKnownFileType = file; name = 170319.WN3.1.db; path = Databases/WordNet/170319.WN3.1.db; sourceTree = "<group>"; };
		284048F51E879747006FAFD9 /* ErrorHandler.h */ = {isa = PBXFileReference; fileEncoding = 4; lastKnownFileType = sourcecode.c.h; name = ErrorHandler.h; path = Managers/ErrorHandler.h; sourceTree = "<group>"; };
		284048F61E879747006FAFD9 /* ErrorHandler.m */ = {isa = PBXFileReference; fileEncoding = 4; lastKnownFileType = sourcecode.c.objc; name = ErrorHandler.m; path = Managers/ErrorHandler.m; sourceTree = "<group>"; };
		284048FC1E879C14006FAFD9 /* PodicUnitTests.xctest */ = {isa = PBXFileReference; explicitFileType = wrapper.cfbundle; includeInIndex = 0; path = PodicUnitTests.xctest; sourceTree = BUILT_PRODUCTS_DIR; };
		284048FE1E879C14006FAFD9 /* PodicUnitTests.m */ = {isa = PBXFileReference; lastKnownFileType = sourcecode.c.objc; path = PodicUnitTests.m; sourceTree = "<group>"; };
		284049001E879C14006FAFD9 /* Info.plist */ = {isa = PBXFileReference; lastKnownFileType = text.plist.xml; path = Info.plist; sourceTree = "<group>"; };
		284049081E879D0C006FAFD9 /* WNDatabaseTestCase.m */ = {isa = PBXFileReference; fileEncoding = 4; lastKnownFileType = sourcecode.c.objc; name = WNDatabaseTestCase.m; path = Databases/WordNet/WNDatabaseTestCase.m; sourceTree = "<group>"; };
		2840490B1E87A243006FAFD9 /* DefinitionViewController.h */ = {isa = PBXFileReference; fileEncoding = 4; lastKnownFileType = sourcecode.c.h; name = DefinitionViewController.h; path = ViewControllers/DefinitionViewController.h; sourceTree = "<group>"; };
		2840490C1E87A243006FAFD9 /* DefinitionViewController.m */ = {isa = PBXFileReference; fileEncoding = 4; lastKnownFileType = sourcecode.c.objc; name = DefinitionViewController.m; path = ViewControllers/DefinitionViewController.m; sourceTree = "<group>"; };
		2840490F1E87A626006FAFD9 /* DefinitionCell.h */ = {isa = PBXFileReference; fileEncoding = 4; lastKnownFileType = sourcecode.c.h; name = DefinitionCell.h; path = Views/Definition/DefinitionCell.h; sourceTree = "<group>"; };
		284049101E87A626006FAFD9 /* DefinitionCell.m */ = {isa = PBXFileReference; fileEncoding = 4; lastKnownFileType = sourcecode.c.objc; name = DefinitionCell.m; path = Views/Definition/DefinitionCell.m; sourceTree = "<group>"; };
		284049121E87A640006FAFD9 /* DefinitionCell.xib */ = {isa = PBXFileReference; fileEncoding = 4; lastKnownFileType = file.xib; name = DefinitionCell.xib; path = Views/Definition/DefinitionCell.xib; sourceTree = "<group>"; };
		284049141E87DDDC006FAFD9 /* WordCell.h */ = {isa = PBXFileReference; fileEncoding = 4; lastKnownFileType = sourcecode.c.h; name = WordCell.h; path = Views/Definition/WordCell.h; sourceTree = "<group>"; };
		284049151E87DDDC006FAFD9 /* WordCell.m */ = {isa = PBXFileReference; fileEncoding = 4; lastKnownFileType = sourcecode.c.objc; name = WordCell.m; path = Views/Definition/WordCell.m; sourceTree = "<group>"; };
		284049171E87DDEA006FAFD9 /* WordCell.xib */ = {isa = PBXFileReference; fileEncoding = 4; lastKnownFileType = file.xib; name = WordCell.xib; path = Views/Definition/WordCell.xib; sourceTree = "<group>"; };
		284049191E87E002006FAFD9 /* ExampleCell.xib */ = {isa = PBXFileReference; fileEncoding = 4; lastKnownFileType = file.xib; name = ExampleCell.xib; path = Views/Definition/ExampleCell.xib; sourceTree = "<group>"; };
		2840491B1E87E011006FAFD9 /* ExampleCell.h */ = {isa = PBXFileReference; fileEncoding = 4; lastKnownFileType = sourcecode.c.h; name = ExampleCell.h; path = Views/Definition/ExampleCell.h; sourceTree = "<group>"; };
		2840491C1E87E011006FAFD9 /* ExampleCell.m */ = {isa = PBXFileReference; fileEncoding = 4; lastKnownFileType = sourcecode.c.objc; name = ExampleCell.m; path = Views/Definition/ExampleCell.m; sourceTree = "<group>"; };
		2840491E1E87E584006FAFD9 /* PartOfSpeechView.xib */ = {isa = PBXFileReference; fileEncoding = 4; lastKnownFileType = file.xib; name = PartOfSpeechView.xib; path = Views/Definition/PartOfSpeechView.xib; sourceTree = "<group>"; };
		284049201E87E5A1006FAFD9 /* PartOfSpeechView.h */ = {isa = PBXFileReference; fileEncoding = 4; lastKnownFileType = sourcecode.c.h; name = PartOfSpeechView.h; path = Views/Definition/PartOfSpeechView.h; sourceTree = "<group>"; };
		284049211E87E5A1006FAFD9 /* PartOfSpeechView.m */ = {isa = PBXFileReference; fileEncoding = 4; lastKnownFileType = sourcecode.c.objc; name = PartOfSpeechView.m; path = Views/Definition/PartOfSpeechView.m; sourceTree = "<group>"; };
		284049261E881ACD006FAFD9 /* ShortDefinitionCell.xib */ = {isa = PBXFileReference; fileEncoding = 4; lastKnownFileType = file.xib; name = ShortDefinitionCell.xib; path = Views/Definition/ShortDefinitionCell.xib; sourceTree = "<group>"; };
		284049281E881B4A006FAFD9 /* ShortDefinitionCell.h */ = {isa = PBXFileReference; fileEncoding = 4; lastKnownFileType = sourcecode.c.h; name = ShortDefinitionCell.h; path = Views/Definition/ShortDefinitionCell.h; sourceTree = "<group>"; };
		284049291E881B4A006FAFD9 /* ShortDefinitionCell.m */ = {isa = PBXFileReference; fileEncoding = 4; lastKnownFileType = sourcecode.c.objc; name = ShortDefinitionCell.m; path = Views/Definition/ShortDefinitionCell.m; sourceTree = "<group>"; };
		285A84761E8C0C4900351810 /* UIViewController+UpsideDown.h */ = {isa = PBXFileReference; fileEncoding = 4; lastKnownFileType = sourcecode.c.h; name = "UIViewController+UpsideDown.h"; path = "Categories/UIViewController+UpsideDown.h"; sourceTree = "<group>"; };
		285A84771E8C0C4900351810 /* UIViewController+UpsideDown.m */ = {isa = PBXFileReference; fileEncoding = 4; lastKnownFileType = sourcecode.c.objc; name = "UIViewController+UpsideDown.m"; path = "Categories/UIViewController+UpsideDown.m"; sourceTree = "<group>"; };
		28975D7B1E56AA3700B102B6 /* Podic.app */ = {isa = PBXFileReference; explicitFileType = wrapper.application; includeInIndex = 0; path = Podic.app; sourceTree = BUILT_PRODUCTS_DIR; };
		289DA8061E8B76E50070EB7D /* AVSpeechSynthesizer+AVSpeechUtterance.h */ = {isa = PBXFileReference; fileEncoding = 4; lastKnownFileType = sourcecode.c.h; name = "AVSpeechSynthesizer+AVSpeechUtterance.h"; path = "Categories/AVSpeechSynthesizer+AVSpeechUtterance.h"; sourceTree = "<group>"; };
		289DA8071E8B76E50070EB7D /* AVSpeechSynthesizer+AVSpeechUtterance.m */ = {isa = PBXFileReference; fileEncoding = 4; lastKnownFileType = sourcecode.c.objc; name = "AVSpeechSynthesizer+AVSpeechUtterance.m"; path = "Categories/AVSpeechSynthesizer+AVSpeechUtterance.m"; sourceTree = "<group>"; };
		49AB53D8935EED43090D3865 /* Pods-Podic.release.xcconfig */ = {isa = PBXFileReference; includeInIndex = 1; lastKnownFileType = text.xcconfig; name = "Pods-Podic.release.xcconfig"; path = "Pods/Target Support Files/Pods-Podic/Pods-Podic.release.xcconfig"; sourceTree = "<group>"; };
		8F9C44C30A74F032040D6087 /* libPods-Podic.a */ = {isa = PBXFileReference; explicitFileType = archive.ar; includeInIndex = 0; path = "libPods-Podic.a"; sourceTree = BUILT_PRODUCTS_DIR; };
		96AB6FA849B3D5B3D10E1FAA /* Pods-Podic.debug.xcconfig */ = {isa = PBXFileReference; includeInIndex = 1; lastKnownFileType = text.xcconfig; name = "Pods-Podic.debug.xcconfig"; path = "Pods/Target Support Files/Pods-Podic/Pods-Podic.debug.xcconfig"; sourceTree = "<group>"; };
		A0939CBBC59375E7FDB6262A /* Pods-PodicUnitTests.debug.xcconfig */ = {isa = PBXFileReference; includeInIndex = 1; lastKnownFileType = text.xcconfig; name = "Pods-PodicUnitTests.debug.xcconfig"; path = "Pods/Target Support Files/Pods-PodicUnitTests/Pods-PodicUnitTests.debug.xcconfig"; sourceTree = "<group>"; };
		C612AEC2FD72C2F12028173D /* libPods-PodicUnitTests.a */ = {isa = PBXFileReference; explicitFileType = archive.ar; includeInIndex = 0; path = "libPods-PodicUnitTests.a"; sourceTree = BUILT_PRODUCTS_DIR; };
		E7A44A6C6BA06E852A6C03B2 /* Pods-PodicUnitTests.release.xcconfig */ = {isa = PBXFileReference; includeInIndex = 1; lastKnownFileType = text.xcconfig; name = "Pods-PodicUnitTests.release.xcconfig"; path = "Pods/Target Support Files/Pods-PodicUnitTests/Pods-PodicUnitTests.release.xcconfig"; sourceTree = "<group>"; };
/* End PBXFileReference section */

/* Begin PBXFrameworksBuildPhase section */
		284048F91E879C14006FAFD9 /* Frameworks */ = {
			isa = PBXFrameworksBuildPhase;
			buildActionMask = 2147483647;
			files = (
				2840490A1E879EB8006FAFD9 /* libPods-Podic.a in Frameworks */,
				5C6684EB7433FF7FC74E772D /* libPods-PodicUnitTests.a in Frameworks */,
			);
			runOnlyForDeploymentPostprocessing = 0;
		};
		28975D781E56AA3700B102B6 /* Frameworks */ = {
			isa = PBXFrameworksBuildPhase;
			buildActionMask = 2147483647;
			files = (
				A41D3126232B4FDAE10D4BAA /* libPods-Podic.a in Frameworks */,
				1714E188077A8DD2E7660988 /* libPods-Podic.a in Frameworks */,
			);
			runOnlyForDeploymentPostprocessing = 0;
		};
/* End PBXFrameworksBuildPhase section */

/* Begin PBXGroup section */
		0247FFF11E5D69D2008DCEFD /* Views */ = {
			isa = PBXGroup;
			children = (
				2840490E1E87A5C0006FAFD9 /* Definition */,
				0295F06B1E8111BD00E67BA9 /* WordbookHeaderView.xib */,
				0295F0311E810F6B00E67BA9 /* WordbookHasReadCell.h */,
				0295F0321E810F6B00E67BA9 /* WordbookHasReadCell.m */,
				0295F0331E810F6B00E67BA9 /* WordbookHeaderView.h */,
				0295F0341E810F6B00E67BA9 /* WordbookHeaderView.m */,
				0295F0351E810F6B00E67BA9 /* WordbookTableViewCell.h */,
				0295F0361E810F6B00E67BA9 /* WordbookTableViewCell.m */,
				0295F0371E810F6B00E67BA9 /* WordbookHasReadCell.xib */,
				0295F0381E810F6B00E67BA9 /* WordbookTableViewCell.xib */,
			);
			name = Views;
			sourceTree = "<group>";
		};
		024F89301E6D50AC00FB0E8B /* Categories */ = {
			isa = PBXGroup;
			children = (
				0295F0291E810F5F00E67BA9 /* NSDate+NSDateFormatter.h */,
				0295F0281E810F5F00E67BA9 /* NSDate+NSDateFormatter.m */,
				0295F02C1E810F5F00E67BA9 /* NSFileManager+NSSearchPath.h */,
				0295F02D1E810F5F00E67BA9 /* NSFileManager+NSSearchPath.m */,
				0295F02B1E810F5F00E67BA9 /* NSObject+NSAssert.h */,
				0295F02A1E810F5F00E67BA9 /* NSObject+NSAssert.m */,
				289DA8061E8B76E50070EB7D /* AVSpeechSynthesizer+AVSpeechUtterance.h */,
				289DA8071E8B76E50070EB7D /* AVSpeechSynthesizer+AVSpeechUtterance.m */,
				285A84761E8C0C4900351810 /* UIViewController+UpsideDown.h */,
				285A84771E8C0C4900351810 /* UIViewController+UpsideDown.m */,
				024371A91F723A05000E62EE /* UITableView+CustomCell.h */,
				024371AA1F723A05000E62EE /* UITableView+CustomCell.m */,
				02DE9BF91F726C4B00FBEFED /* NSString+FormattedList.h */,
				02DE9BFA1F726C4B00FBEFED /* NSString+FormattedList.m */,
				02DE9BFF1F735D2C00FBEFED /* NSString+ColorAttribute.h */,
				02DE9C001F735D2C00FBEFED /* NSString+ColorAttribute.m */,
			);
			name = Categories;
			sourceTree = "<group>";
		};
		02B672331E5AB27E008B386B /* Libraries */ = {
			isa = PBXGroup;
			children = (
				02B672341E5AB2B9008B386B /* SynthesizeSingleton */,
			);
			name = Libraries;
			sourceTree = "<group>";
		};
		02B672341E5AB2B9008B386B /* SynthesizeSingleton */ = {
			isa = PBXGroup;
			children = (
				0295F0641E81100A00E67BA9 /* SynthesizeSingleton.h */,
			);
			name = SynthesizeSingleton;
			sourceTree = "<group>";
		};
		02E9BB4E1E5BDA2C00863E00 /* Models */ = {
			isa = PBXGroup;
			children = (
				0295F03E1E810F7600E67BA9 /* NSMutableArray+Word.m */,
				0295F03F1E810F7600E67BA9 /* Word.h */,
				0295F0401E810F7600E67BA9 /* Word.m */,
				0295F0411E810F7600E67BA9 /* Wordbook.h */,
				0295F0421E810F7600E67BA9 /* NSMutableArray+Word.h */,
				0295F0431E810F7600E67BA9 /* Wordbook.m */,
			);
			name = Models;
			sourceTree = "<group>";
		};
		28150C4C1E5930E200F807A3 /* SupportingFiles */ = {
			isa = PBXGroup;
			children = (
				282162CC1ED194C000678213 /* GoogleService-Info.plist */,
				0295F0651E81115A00E67BA9 /* Localizable.strings */,
				0295F0671E81115A00E67BA9 /* Main.storyboard */,
				0295F0561E810FA800E67BA9 /* Info.plist */,
				0295F0571E810FA800E67BA9 /* common.pch */,
				0295F0581E810FA800E67BA9 /* AppDelegate.h */,
				0295F0591E810FA800E67BA9 /* AppDelegate.m */,
				0295F05A1E810FA800E67BA9 /* main.m */,
				0295F05B1E810FA800E67BA9 /* Assets.xcassets */,
				0295F05C1E810FA800E67BA9 /* Setting.plist */,
				0295F05D1E810FA800E67BA9 /* LaunchScreen.storyboard */,
			);
			name = SupportingFiles;
			sourceTree = "<group>";
		};
		284048D81E878DF4006FAFD9 /* Databases */ = {
			isa = PBXGroup;
			children = (
				284048E21E878E9B006FAFD9 /* WordNet */,
			);
			name = Databases;
			sourceTree = "<group>";
		};
		284048E21E878E9B006FAFD9 /* WordNet */ = {
			isa = PBXGroup;
			children = (
				284048F21E879287006FAFD9 /* 170319.WN3.1.db */,
				284048E31E878EA8006FAFD9 /* WNDBHelper.h */,
				284048E41E878EA8006FAFD9 /* WNDBHelper.m */,
				284048E51E878EA8006FAFD9 /* WNWord.h */,
				284048E61E878EA8006FAFD9 /* WNWord.m */,
				284048EA1E878EC2006FAFD9 /* WNDefinition.h */,
				284048EB1E878EC2006FAFD9 /* WNDefinition.m */,
				284048ED1E878EDD006FAFD9 /* WNExample.h */,
				284048EE1E878EDD006FAFD9 /* WNExample.m */,
			);
			name = WordNet;
			sourceTree = "<group>";
		};
		284048FD1E879C14006FAFD9 /* PodicUnitTests */ = {
			isa = PBXGroup;
			children = (
				284049061E879CD4006FAFD9 /* Databases */,
				284048FE1E879C14006FAFD9 /* PodicUnitTests.m */,
				284049001E879C14006FAFD9 /* Info.plist */,
			);
			path = PodicUnitTests;
			sourceTree = "<group>";
		};
		284049061E879CD4006FAFD9 /* Databases */ = {
			isa = PBXGroup;
			children = (
				284049071E879CDD006FAFD9 /* WordNet */,
			);
			name = Databases;
			sourceTree = "<group>";
		};
		284049071E879CDD006FAFD9 /* WordNet */ = {
			isa = PBXGroup;
			children = (
				284049081E879D0C006FAFD9 /* WNDatabaseTestCase.m */,
			);
			name = WordNet;
			sourceTree = "<group>";
		};
		2840490E1E87A5C0006FAFD9 /* Definition */ = {
			isa = PBXGroup;
			children = (
				2840490F1E87A626006FAFD9 /* DefinitionCell.h */,
				284049101E87A626006FAFD9 /* DefinitionCell.m */,
				284049121E87A640006FAFD9 /* DefinitionCell.xib */,
				284049141E87DDDC006FAFD9 /* WordCell.h */,
				284049151E87DDDC006FAFD9 /* WordCell.m */,
				284049171E87DDEA006FAFD9 /* WordCell.xib */,
				284049191E87E002006FAFD9 /* ExampleCell.xib */,
				2840491B1E87E011006FAFD9 /* ExampleCell.h */,
				2840491C1E87E011006FAFD9 /* ExampleCell.m */,
				2840491E1E87E584006FAFD9 /* PartOfSpeechView.xib */,
				284049201E87E5A1006FAFD9 /* PartOfSpeechView.h */,
				284049211E87E5A1006FAFD9 /* PartOfSpeechView.m */,
				284049261E881ACD006FAFD9 /* ShortDefinitionCell.xib */,
				284049281E881B4A006FAFD9 /* ShortDefinitionCell.h */,
				284049291E881B4A006FAFD9 /* ShortDefinitionCell.m */,
			);
			name = Definition;
			sourceTree = "<group>";
		};
		28975D721E56AA3700B102B6 = {
			isa = PBXGroup;
			children = (
				28975D7D1E56AA3700B102B6 /* Podic */,
				284048FD1E879C14006FAFD9 /* PodicUnitTests */,
				28975D7C1E56AA3700B102B6 /* Products */,
				55BF56C289BD86E2AD9BA955 /* Pods */,
				8D1355BB0CF4B9EB3CA82D82 /* Frameworks */,
			);
			sourceTree = "<group>";
		};
		28975D7C1E56AA3700B102B6 /* Products */ = {
			isa = PBXGroup;
			children = (
				28975D7B1E56AA3700B102B6 /* Podic.app */,
				284048FC1E879C14006FAFD9 /* PodicUnitTests.xctest */,
			);
			name = Products;
			sourceTree = "<group>";
		};
		28975D7D1E56AA3700B102B6 /* Podic */ = {
			isa = PBXGroup;
			children = (
				284048D81E878DF4006FAFD9 /* Databases */,
				024F89301E6D50AC00FB0E8B /* Categories */,
				0247FFF11E5D69D2008DCEFD /* Views */,
				02E9BB4E1E5BDA2C00863E00 /* Models */,
				02B672331E5AB27E008B386B /* Libraries */,
				28150C4C1E5930E200F807A3 /* SupportingFiles */,
				28975D9B1E56AFA600B102B6 /* Managers */,
				28975D951E56AC1800B102B6 /* ViewControllers */,
			);
			path = Podic;
			sourceTree = "<group>";
		};
		28975D951E56AC1800B102B6 /* ViewControllers */ = {
			isa = PBXGroup;
			children = (
				2840490B1E87A243006FAFD9 /* DefinitionViewController.h */,
				2840490C1E87A243006FAFD9 /* DefinitionViewController.m */,
				0295F0521E810F9200E67BA9 /* IntroViewController.h */,
				0295F0501E810F9200E67BA9 /* IntroViewController.m */,
				0295F0531E810F9200E67BA9 /* SettingViewController.h */,
				0295F0511E810F9200E67BA9 /* SettingViewController.m */,
			);
			name = ViewControllers;
			sourceTree = "<group>";
		};
		28975D9B1E56AFA600B102B6 /* Managers */ = {
			isa = PBXGroup;
			children = (
				0295F0491E810F8700E67BA9 /* WordDataDBHelper.h */,
				0295F0481E810F8700E67BA9 /* WordDataDBHelper.m */,
				0295F04C1E810F8700E67BA9 /* WordDataHandler.h */,
				0295F04B1E810F8700E67BA9 /* WordDataHandler.m */,
				0295F04A1E810F8700E67BA9 /* WordDataManager.h */,
				0295F0471E810F8700E67BA9 /* WordDataManager.m */,
				284048F51E879747006FAFD9 /* ErrorHandler.h */,
				284048F61E879747006FAFD9 /* ErrorHandler.m */,
				02DE9BF31F72489500FBEFED /* SpeechSynthesizerManager.h */,
				02DE9BF41F72489500FBEFED /* SpeechSynthesizerManager.m */,
			);
			name = Managers;
			sourceTree = "<group>";
		};
		55BF56C289BD86E2AD9BA955 /* Pods */ = {
			isa = PBXGroup;
			children = (
				96AB6FA849B3D5B3D10E1FAA /* Pods-Podic.debug.xcconfig */,
				49AB53D8935EED43090D3865 /* Pods-Podic.release.xcconfig */,
				A0939CBBC59375E7FDB6262A /* Pods-PodicUnitTests.debug.xcconfig */,
				E7A44A6C6BA06E852A6C03B2 /* Pods-PodicUnitTests.release.xcconfig */,
			);
			name = Pods;
			sourceTree = "<group>";
		};
		8D1355BB0CF4B9EB3CA82D82 /* Frameworks */ = {
			isa = PBXGroup;
			children = (
				8F9C44C30A74F032040D6087 /* libPods-Podic.a */,
				226ACEB3346D32941C04AFAA /* libPods-Podic.a */,
				C612AEC2FD72C2F12028173D /* libPods-PodicUnitTests.a */,
			);
			name = Frameworks;
			sourceTree = "<group>";
		};
/* End PBXGroup section */

/* Begin PBXNativeTarget section */
		284048FB1E879C14006FAFD9 /* PodicUnitTests */ = {
			isa = PBXNativeTarget;
			buildConfigurationList = 284049031E879C14006FAFD9 /* Build configuration list for PBXNativeTarget "PodicUnitTests" */;
			buildPhases = (
				E8F1F1EC721EB553CB135A9F /* [CP] Check Pods Manifest.lock */,
				284048F81E879C14006FAFD9 /* Sources */,
				284048F91E879C14006FAFD9 /* Frameworks */,
				284048FA1E879C14006FAFD9 /* Resources */,
				A0F1CFDFF0A2E3AA0355A110 /* [CP] Embed Pods Frameworks */,
				9905AD3880420CD659E25159 /* [CP] Copy Pods Resources */,
			);
			buildRules = (
			);
			dependencies = (
				284049021E879C14006FAFD9 /* PBXTargetDependency */,
			);
			name = PodicUnitTests;
			productName = PodicUnitTests;
			productReference = 284048FC1E879C14006FAFD9 /* PodicUnitTests.xctest */;
			productType = "com.apple.product-type.bundle.unit-test";
		};
		28975D7A1E56AA3700B102B6 /* Podic */ = {
			isa = PBXNativeTarget;
			buildConfigurationList = 28975D921E56AA3700B102B6 /* Build configuration list for PBXNativeTarget "Podic" */;
			buildPhases = (
				8E6D25575AD218C64E867174 /* [CP] Check Pods Manifest.lock */,
				28975D771E56AA3700B102B6 /* Sources */,
				28975D781E56AA3700B102B6 /* Frameworks */,
				28975D791E56AA3700B102B6 /* Resources */,
				569040288BBE11956D48D0DD /* [CP] Embed Pods Frameworks */,
				4AF3B1F327E24BFA607777A2 /* [CP] Copy Pods Resources */,
				28EB298B1ED1826D00CDC8CB /* ShellScript */,
			);
			buildRules = (
			);
			dependencies = (
			);
			name = Podic;
			productName = Podic;
			productReference = 28975D7B1E56AA3700B102B6 /* Podic.app */;
			productType = "com.apple.product-type.application";
		};
/* End PBXNativeTarget section */

/* Begin PBXProject section */
		28975D731E56AA3700B102B6 /* Project object */ = {
			isa = PBXProject;
			attributes = {
				LastUpgradeCheck = 0830;
				ORGANIZATIONNAME = "Ryan Lee";
				TargetAttributes = {
					284048FB1E879C14006FAFD9 = {
						CreatedOnToolsVersion = 8.2.1;
						ProvisioningStyle = Automatic;
						TestTargetID = 28975D7A1E56AA3700B102B6;
					};
					28975D7A1E56AA3700B102B6 = {
						CreatedOnToolsVersion = 8.2.1;
						DevelopmentTeam = XHDKK9BWBF;
						ProvisioningStyle = Manual;
					};
				};
			};
			buildConfigurationList = 28975D761E56AA3700B102B6 /* Build configuration list for PBXProject "Podic" */;
			compatibilityVersion = "Xcode 3.2";
			developmentRegion = English;
			hasScannedForEncodings = 0;
			knownRegions = (
				en,
				Base,
				ko,
			);
			mainGroup = 28975D721E56AA3700B102B6;
			productRefGroup = 28975D7C1E56AA3700B102B6 /* Products */;
			projectDirPath = "";
			projectRoot = "";
			targets = (
				28975D7A1E56AA3700B102B6 /* Podic */,
				284048FB1E879C14006FAFD9 /* PodicUnitTests */,
			);
		};
/* End PBXProject section */

/* Begin PBXResourcesBuildPhase section */
		284048FA1E879C14006FAFD9 /* Resources */ = {
			isa = PBXResourcesBuildPhase;
			buildActionMask = 2147483647;
			files = (
			);
			runOnlyForDeploymentPostprocessing = 0;
		};
		28975D791E56AA3700B102B6 /* Resources */ = {
			isa = PBXResourcesBuildPhase;
			buildActionMask = 2147483647;
			files = (
				284049131E87A640006FAFD9 /* DefinitionCell.xib in Resources */,
				284049271E881ACD006FAFD9 /* ShortDefinitionCell.xib in Resources */,
				282162CD1ED194C000678213 /* GoogleService-Info.plist in Resources */,
				284048F31E87929B006FAFD9 /* 170319.WN3.1.db in Resources */,
				0295F0721E81135100E67BA9 /* Localizable.strings in Resources */,
				0295F0731E81135100E67BA9 /* Main.storyboard in Resources */,
				2840491A1E87E002006FAFD9 /* ExampleCell.xib in Resources */,
				2840491F1E87E584006FAFD9 /* PartOfSpeechView.xib in Resources */,
				0295F0631E810FA800E67BA9 /* LaunchScreen.storyboard in Resources */,
				0295F03C1E810F6B00E67BA9 /* WordbookHasReadCell.xib in Resources */,
				0295F06C1E8111BD00E67BA9 /* WordbookHeaderView.xib in Resources */,
				0295F0621E810FA800E67BA9 /* Setting.plist in Resources */,
				284049181E87DDEA006FAFD9 /* WordCell.xib in Resources */,
				0295F0611E810FA800E67BA9 /* Assets.xcassets in Resources */,
				0295F03D1E810F6B00E67BA9 /* WordbookTableViewCell.xib in Resources */,
			);
			runOnlyForDeploymentPostprocessing = 0;
		};
/* End PBXResourcesBuildPhase section */

/* Begin PBXShellScriptBuildPhase section */
		28EB298B1ED1826D00CDC8CB /* ShellScript */ = {
			isa = PBXShellScriptBuildPhase;
			buildActionMask = 2147483647;
			files = (
			);
			inputPaths = (
			);
			outputPaths = (
			);
			runOnlyForDeploymentPostprocessing = 0;
			shellPath = /bin/sh;
			shellScript = "\"${PODS_ROOT}/Fabric/run\" 5b82dfc1ed94aa6be1bf8cffbcc9d76bfedcb91c 5939d6132c51390a018a7004378321a7806e7c84097a7f5c32179df89977e1e6";
		};
		4AF3B1F327E24BFA607777A2 /* [CP] Copy Pods Resources */ = {
			isa = PBXShellScriptBuildPhase;
			buildActionMask = 2147483647;
			files = (
			);
			inputPaths = (
			);
			name = "[CP] Copy Pods Resources";
			outputPaths = (
			);
			runOnlyForDeploymentPostprocessing = 0;
			shellPath = /bin/sh;
			shellScript = "\"${SRCROOT}/Pods/Target Support Files/Pods-Podic/Pods-Podic-resources.sh\"\n";
			showEnvVarsInLog = 0;
		};
		569040288BBE11956D48D0DD /* [CP] Embed Pods Frameworks */ = {
			isa = PBXShellScriptBuildPhase;
			buildActionMask = 2147483647;
			files = (
			);
			inputPaths = (
			);
			name = "[CP] Embed Pods Frameworks";
			outputPaths = (
			);
			runOnlyForDeploymentPostprocessing = 0;
			shellPath = /bin/sh;
			shellScript = "\"${SRCROOT}/Pods/Target Support Files/Pods-Podic/Pods-Podic-frameworks.sh\"\n";
			showEnvVarsInLog = 0;
		};
		8E6D25575AD218C64E867174 /* [CP] Check Pods Manifest.lock */ = {
			isa = PBXShellScriptBuildPhase;
			buildActionMask = 2147483647;
			files = (
			);
			inputPaths = (
				"${PODS_PODFILE_DIR_PATH}/Podfile.lock",
				"${PODS_ROOT}/Manifest.lock",
			);
			name = "[CP] Check Pods Manifest.lock";
			outputPaths = (
				"$(DERIVED_FILE_DIR)/Pods-Podic-checkManifestLockResult.txt",
			);
			runOnlyForDeploymentPostprocessing = 0;
			shellPath = /bin/sh;
			shellScript = "diff \"${PODS_PODFILE_DIR_PATH}/Podfile.lock\" \"${PODS_ROOT}/Manifest.lock\" > /dev/null\nif [ $? != 0 ] ; then\n    # print error to STDERR\n    echo \"error: The sandbox is not in sync with the Podfile.lock. Run 'pod install' or update your CocoaPods installation.\" >&2\n    exit 1\nfi\n# This output is used by Xcode 'outputs' to avoid re-running this script phase.\necho \"SUCCESS\" > \"${SCRIPT_OUTPUT_FILE_0}\"\n";
			showEnvVarsInLog = 0;
		};
		9905AD3880420CD659E25159 /* [CP] Copy Pods Resources */ = {
			isa = PBXShellScriptBuildPhase;
			buildActionMask = 2147483647;
			files = (
			);
			inputPaths = (
			);
			name = "[CP] Copy Pods Resources";
			outputPaths = (
			);
			runOnlyForDeploymentPostprocessing = 0;
			shellPath = /bin/sh;
			shellScript = "\"${SRCROOT}/Pods/Target Support Files/Pods-PodicUnitTests/Pods-PodicUnitTests-resources.sh\"\n";
			showEnvVarsInLog = 0;
		};
		A0F1CFDFF0A2E3AA0355A110 /* [CP] Embed Pods Frameworks */ = {
			isa = PBXShellScriptBuildPhase;
			buildActionMask = 2147483647;
			files = (
			);
			inputPaths = (
			);
			name = "[CP] Embed Pods Frameworks";
			outputPaths = (
			);
			runOnlyForDeploymentPostprocessing = 0;
			shellPath = /bin/sh;
			shellScript = "\"${SRCROOT}/Pods/Target Support Files/Pods-PodicUnitTests/Pods-PodicUnitTests-frameworks.sh\"\n";
			showEnvVarsInLog = 0;
		};
		E8F1F1EC721EB553CB135A9F /* [CP] Check Pods Manifest.lock */ = {
			isa = PBXShellScriptBuildPhase;
			buildActionMask = 2147483647;
			files = (
			);
			inputPaths = (
				"${PODS_PODFILE_DIR_PATH}/Podfile.lock",
				"${PODS_ROOT}/Manifest.lock",
			);
			name = "[CP] Check Pods Manifest.lock";
			outputPaths = (
				"$(DERIVED_FILE_DIR)/Pods-PodicUnitTests-checkManifestLockResult.txt",
			);
			runOnlyForDeploymentPostprocessing = 0;
			shellPath = /bin/sh;
			shellScript = "diff \"${PODS_PODFILE_DIR_PATH}/Podfile.lock\" \"${PODS_ROOT}/Manifest.lock\" > /dev/null\nif [ $? != 0 ] ; then\n    # print error to STDERR\n    echo \"error: The sandbox is not in sync with the Podfile.lock. Run 'pod install' or update your CocoaPods installation.\" >&2\n    exit 1\nfi\n# This output is used by Xcode 'outputs' to avoid re-running this script phase.\necho \"SUCCESS\" > \"${SCRIPT_OUTPUT_FILE_0}\"\n";
			showEnvVarsInLog = 0;
		};
/* End PBXShellScriptBuildPhase section */

/* Begin PBXSourcesBuildPhase section */
		284048F81E879C14006FAFD9 /* Sources */ = {
			isa = PBXSourcesBuildPhase;
			buildActionMask = 2147483647;
			files = (
				284048FF1E879C14006FAFD9 /* PodicUnitTests.m in Sources */,
				284049091E879D0C006FAFD9 /* WNDatabaseTestCase.m in Sources */,
			);
			runOnlyForDeploymentPostprocessing = 0;
		};
		28975D771E56AA3700B102B6 /* Sources */ = {
			isa = PBXSourcesBuildPhase;
			buildActionMask = 2147483647;
			files = (
				284048F71E879747006FAFD9 /* ErrorHandler.m in Sources */,
				02DE9C011F735D2C00FBEFED /* NSString+ColorAttribute.m in Sources */,
				284049161E87DDDC006FAFD9 /* WordCell.m in Sources */,
				0295F04F1E810F8700E67BA9 /* WordDataHandler.m in Sources */,
				0295F0301E810F5F00E67BA9 /* NSFileManager+NSSearchPath.m in Sources */,
				2840492A1E881B4A006FAFD9 /* ShortDefinitionCell.m in Sources */,
				284048E81E878EA8006FAFD9 /* WNWord.m in Sources */,
				0295F03A1E810F6B00E67BA9 /* WordbookHeaderView.m in Sources */,
				0295F0541E810F9200E67BA9 /* IntroViewController.m in Sources */,
				2840491D1E87E011006FAFD9 /* ExampleCell.m in Sources */,
				284048EC1E878EC2006FAFD9 /* WNDefinition.m in Sources */,
				0295F0451E810F7600E67BA9 /* Word.m in Sources */,
				0295F0441E810F7600E67BA9 /* NSMutableArray+Word.m in Sources */,
				284048E71E878EA8006FAFD9 /* WNDBHelper.m in Sources */,
				0295F0601E810FA800E67BA9 /* main.m in Sources */,
				289DA8081E8B76E50070EB7D /* AVSpeechSynthesizer+AVSpeechUtterance.m in Sources */,
				02DE9BF51F72489500FBEFED /* SpeechSynthesizerManager.m in Sources */,
				0295F0391E810F6B00E67BA9 /* WordbookHasReadCell.m in Sources */,
				0295F02F1E810F5F00E67BA9 /* NSObject+NSAssert.m in Sources */,
				0295F03B1E810F6B00E67BA9 /* WordbookTableViewCell.m in Sources */,
				0295F0461E810F7600E67BA9 /* Wordbook.m in Sources */,
				0295F02E1E810F5F00E67BA9 /* NSDate+NSDateFormatter.m in Sources */,
				0295F04E1E810F8700E67BA9 /* WordDataDBHelper.m in Sources */,
				0295F04D1E810F8700E67BA9 /* WordDataManager.m in Sources */,
				0295F0551E810F9200E67BA9 /* SettingViewController.m in Sources */,
				0295F05F1E810FA800E67BA9 /* AppDelegate.m in Sources */,
				02DE9BFB1F726C4B00FBEFED /* NSString+FormattedList.m in Sources */,
				284048EF1E878EDD006FAFD9 /* WNExample.m in Sources */,
				284049111E87A626006FAFD9 /* DefinitionCell.m in Sources */,
				024371AB1F723A05000E62EE /* UITableView+CustomCell.m in Sources */,
				284049221E87E5A1006FAFD9 /* PartOfSpeechView.m in Sources */,
				285A84781E8C0C4900351810 /* UIViewController+UpsideDown.m in Sources */,
				2840490D1E87A243006FAFD9 /* DefinitionViewController.m in Sources */,
			);
			runOnlyForDeploymentPostprocessing = 0;
		};
/* End PBXSourcesBuildPhase section */

/* Begin PBXTargetDependency section */
		284049021E879C14006FAFD9 /* PBXTargetDependency */ = {
			isa = PBXTargetDependency;
			target = 28975D7A1E56AA3700B102B6 /* Podic */;
			targetProxy = 284049011E879C14006FAFD9 /* PBXContainerItemProxy */;
		};
/* End PBXTargetDependency section */

/* Begin PBXVariantGroup section */
		0295F0651E81115A00E67BA9 /* Localizable.strings */ = {
			isa = PBXVariantGroup;
			children = (
				0295F0661E81115A00E67BA9 /* Base */,
				0295F0741E8114D100E67BA9 /* ko */,
			);
			name = Localizable.strings;
			sourceTree = "<group>";
		};
		0295F0671E81115A00E67BA9 /* Main.storyboard */ = {
			isa = PBXVariantGroup;
			children = (
				0295F0681E81115A00E67BA9 /* Base */,
			);
			name = Main.storyboard;
			sourceTree = "<group>";
		};
/* End PBXVariantGroup section */

/* Begin XCBuildConfiguration section */
		284049041E879C14006FAFD9 /* Debug */ = {
			isa = XCBuildConfiguration;
			baseConfigurationReference = A0939CBBC59375E7FDB6262A /* Pods-PodicUnitTests.debug.xcconfig */;
			buildSettings = {
				BUNDLE_LOADER = "$(TEST_HOST)";
				INFOPLIST_FILE = PodicUnitTests/Info.plist;
				IPHONEOS_DEPLOYMENT_TARGET = 10.2;
				LD_RUNPATH_SEARCH_PATHS = "$(inherited) @executable_path/Frameworks @loader_path/Frameworks";
				PRODUCT_BUNDLE_IDENTIFIER = kr.co.rl.PodicUnitTests;
				PRODUCT_NAME = "$(TARGET_NAME)";
				TEST_HOST = "$(BUILT_PRODUCTS_DIR)/Podic.app/Podic";
			};
			name = Debug;
		};
		284049051E879C14006FAFD9 /* Release */ = {
			isa = XCBuildConfiguration;
			baseConfigurationReference = E7A44A6C6BA06E852A6C03B2 /* Pods-PodicUnitTests.release.xcconfig */;
			buildSettings = {
				BUNDLE_LOADER = "$(TEST_HOST)";
				INFOPLIST_FILE = PodicUnitTests/Info.plist;
				IPHONEOS_DEPLOYMENT_TARGET = 10.2;
				LD_RUNPATH_SEARCH_PATHS = "$(inherited) @executable_path/Frameworks @loader_path/Frameworks";
				PRODUCT_BUNDLE_IDENTIFIER = kr.co.rl.PodicUnitTests;
				PRODUCT_NAME = "$(TARGET_NAME)";
				TEST_HOST = "$(BUILT_PRODUCTS_DIR)/Podic.app/Podic";
			};
			name = Release;
		};
		28975D901E56AA3700B102B6 /* Debug */ = {
			isa = XCBuildConfiguration;
			buildSettings = {
				ALWAYS_SEARCH_USER_PATHS = NO;
				CLANG_ANALYZER_LOCALIZABILITY_NONLOCALIZED = YES;
				CLANG_ANALYZER_NONNULL = YES;
				CLANG_CXX_LANGUAGE_STANDARD = "gnu++0x";
				CLANG_CXX_LIBRARY = "libc++";
				CLANG_ENABLE_MODULES = YES;
				CLANG_ENABLE_OBJC_ARC = YES;
				CLANG_WARN_BOOL_CONVERSION = YES;
				CLANG_WARN_CONSTANT_CONVERSION = YES;
				CLANG_WARN_DIRECT_OBJC_ISA_USAGE = YES_ERROR;
				CLANG_WARN_DOCUMENTATION_COMMENTS = YES;
				CLANG_WARN_EMPTY_BODY = YES;
				CLANG_WARN_ENUM_CONVERSION = YES;
				CLANG_WARN_INFINITE_RECURSION = YES;
				CLANG_WARN_INT_CONVERSION = YES;
				CLANG_WARN_OBJC_ROOT_CLASS = YES_ERROR;
				CLANG_WARN_SUSPICIOUS_MOVE = YES;
				CLANG_WARN_UNREACHABLE_CODE = YES;
				CLANG_WARN__DUPLICATE_METHOD_MATCH = YES;
				"CODE_SIGN_IDENTITY[sdk=iphoneos*]" = "iPhone Developer";
				COPY_PHASE_STRIP = NO;
				DEBUG_INFORMATION_FORMAT = dwarf;
				ENABLE_STRICT_OBJC_MSGSEND = YES;
				ENABLE_TESTABILITY = YES;
				GCC_C_LANGUAGE_STANDARD = gnu99;
				GCC_DYNAMIC_NO_PIC = NO;
				GCC_NO_COMMON_BLOCKS = YES;
				GCC_OPTIMIZATION_LEVEL = 0;
				GCC_PREPROCESSOR_DEFINITIONS = (
					"DEBUG=1",
					"$(inherited)",
				);
				GCC_WARN_64_TO_32_BIT_CONVERSION = YES;
				GCC_WARN_ABOUT_RETURN_TYPE = YES_ERROR;
				GCC_WARN_UNDECLARED_SELECTOR = YES;
				GCC_WARN_UNINITIALIZED_AUTOS = YES_AGGRESSIVE;
				GCC_WARN_UNUSED_FUNCTION = YES;
				GCC_WARN_UNUSED_VARIABLE = YES;
				IPHONEOS_DEPLOYMENT_TARGET = 9.0;
				MTL_ENABLE_DEBUG_INFO = YES;
				ONLY_ACTIVE_ARCH = YES;
				SDKROOT = iphoneos;
				TARGETED_DEVICE_FAMILY = "1,2";
			};
			name = Debug;
		};
		28975D911E56AA3700B102B6 /* Release */ = {
			isa = XCBuildConfiguration;
			buildSettings = {
				ALWAYS_SEARCH_USER_PATHS = NO;
				CLANG_ANALYZER_LOCALIZABILITY_NONLOCALIZED = YES;
				CLANG_ANALYZER_NONNULL = YES;
				CLANG_CXX_LANGUAGE_STANDARD = "gnu++0x";
				CLANG_CXX_LIBRARY = "libc++";
				CLANG_ENABLE_MODULES = YES;
				CLANG_ENABLE_OBJC_ARC = YES;
				CLANG_WARN_BOOL_CONVERSION = YES;
				CLANG_WARN_CONSTANT_CONVERSION = YES;
				CLANG_WARN_DIRECT_OBJC_ISA_USAGE = YES_ERROR;
				CLANG_WARN_DOCUMENTATION_COMMENTS = YES;
				CLANG_WARN_EMPTY_BODY = YES;
				CLANG_WARN_ENUM_CONVERSION = YES;
				CLANG_WARN_INFINITE_RECURSION = YES;
				CLANG_WARN_INT_CONVERSION = YES;
				CLANG_WARN_OBJC_ROOT_CLASS = YES_ERROR;
				CLANG_WARN_SUSPICIOUS_MOVE = YES;
				CLANG_WARN_UNREACHABLE_CODE = YES;
				CLANG_WARN__DUPLICATE_METHOD_MATCH = YES;
				"CODE_SIGN_IDENTITY[sdk=iphoneos*]" = "iPhone Developer";
				COPY_PHASE_STRIP = NO;
				DEBUG_INFORMATION_FORMAT = "dwarf-with-dsym";
				ENABLE_NS_ASSERTIONS = NO;
				ENABLE_STRICT_OBJC_MSGSEND = YES;
				GCC_C_LANGUAGE_STANDARD = gnu99;
				GCC_NO_COMMON_BLOCKS = YES;
				GCC_WARN_64_TO_32_BIT_CONVERSION = YES;
				GCC_WARN_ABOUT_RETURN_TYPE = YES_ERROR;
				GCC_WARN_UNDECLARED_SELECTOR = YES;
				GCC_WARN_UNINITIALIZED_AUTOS = YES_AGGRESSIVE;
				GCC_WARN_UNUSED_FUNCTION = YES;
				GCC_WARN_UNUSED_VARIABLE = YES;
				IPHONEOS_DEPLOYMENT_TARGET = 9.0;
				MTL_ENABLE_DEBUG_INFO = NO;
				SDKROOT = iphoneos;
				TARGETED_DEVICE_FAMILY = "1,2";
				VALIDATE_PRODUCT = YES;
			};
			name = Release;
		};
		28975D931E56AA3700B102B6 /* Debug */ = {
			isa = XCBuildConfiguration;
			baseConfigurationReference = 96AB6FA849B3D5B3D10E1FAA /* Pods-Podic.debug.xcconfig */;
			buildSettings = {
				ASSETCATALOG_COMPILER_APPICON_NAME = AppIcon;
				CODE_SIGN_IDENTITY = "iPhone Developer: YOUNG KI LEE (RMECF4NGRY)";
				DEVELOPMENT_TEAM = XHDKK9BWBF;
				FRAMEWORK_SEARCH_PATHS = (
					"$(inherited)",
					"$(PROJECT_DIR)/Podic/Libraries/AdMob",
				);
				GCC_PREFIX_HEADER = Podic/SupportingFiles/common.pch;
				INFOPLIST_FILE = Podic/SupportingFiles/Info.plist;
				IPHONEOS_DEPLOYMENT_TARGET = 8.0;
				LD_RUNPATH_SEARCH_PATHS = "$(inherited) @executable_path/Frameworks";
				PRODUCT_BUNDLE_IDENTIFIER = kr.co.deniz.podic;
				PRODUCT_NAME = "$(TARGET_NAME)";
				PROVISIONING_PROFILE = "e3aebc50-3ec3-4ec4-88a5-48e0564dad3d";
				PROVISIONING_PROFILE_SPECIFIER = podic_dev;
			};
			name = Debug;
		};
		28975D941E56AA3700B102B6 /* Release */ = {
			isa = XCBuildConfiguration;
			baseConfigurationReference = 49AB53D8935EED43090D3865 /* Pods-Podic.release.xcconfig */;
			buildSettings = {
				ASSETCATALOG_COMPILER_APPICON_NAME = AppIcon;
				CODE_SIGN_IDENTITY = "iPhone Distribution: YOUNG KI LEE (XHDKK9BWBF)";
				DEVELOPMENT_TEAM = XHDKK9BWBF;
				FRAMEWORK_SEARCH_PATHS = (
					"$(inherited)",
					"$(PROJECT_DIR)/Podic/Libraries/AdMob",
				);
				GCC_PREFIX_HEADER = Podic/SupportingFiles/common.pch;
				INFOPLIST_FILE = Podic/SupportingFiles/Info.plist;
				IPHONEOS_DEPLOYMENT_TARGET = 8.0;
				LD_RUNPATH_SEARCH_PATHS = "$(inherited) @executable_path/Frameworks";
				PRODUCT_BUNDLE_IDENTIFIER = kr.co.deniz.podic;
				PRODUCT_NAME = "$(TARGET_NAME)";
				PROVISIONING_PROFILE = "e3aebc50-3ec3-4ec4-88a5-48e0564dad3d";
				PROVISIONING_PROFILE_SPECIFIER = podic_dev;
			};
			name = Release;
		};
/* End XCBuildConfiguration section */

/* Begin XCConfigurationList section */
		284049031E879C14006FAFD9 /* Build configuration list for PBXNativeTarget "PodicUnitTests" */ = {
			isa = XCConfigurationList;
			buildConfigurations = (
				284049041E879C14006FAFD9 /* Debug */,
				284049051E879C14006FAFD9 /* Release */,
			);
			defaultConfigurationIsVisible = 0;
			defaultConfigurationName = Release;
		};
		28975D761E56AA3700B102B6 /* Build configuration list for PBXProject "Podic" */ = {
			isa = XCConfigurationList;
			buildConfigurations = (
				28975D901E56AA3700B102B6 /* Debug */,
				28975D911E56AA3700B102B6 /* Release */,
			);
			defaultConfigurationIsVisible = 0;
			defaultConfigurationName = Release;
		};
		28975D921E56AA3700B102B6 /* Build configuration list for PBXNativeTarget "Podic" */ = {
			isa = XCConfigurationList;
			buildConfigurations = (
				28975D931E56AA3700B102B6 /* Debug */,
				28975D941E56AA3700B102B6 /* Release */,
			);
			defaultConfigurationIsVisible = 0;
			defaultConfigurationName = Release;
		};
/* End XCConfigurationList section */
	};
	rootObject = 28975D731E56AA3700B102B6 /* Project object */;
}
